// !$*UTF8*$!
{
	archiveVersion = 1;
	classes = {
	};
	objectVersion = 46;
	objects = {

/* Begin PBXBuildFile section */
		130859D51F2560BD007BC43D /* PatchObjectMethods.swift in Sources */ = {isa = PBXBuildFile; fileRef = 13F82DF21EE1F36C006C8041 /* PatchObjectMethods.swift */; };
		130859D61F2560BD007BC43D /* PatchSchedule.swift in Sources */ = {isa = PBXBuildFile; fileRef = 1309A5231F17E2C500520B2F /* PatchSchedule.swift */; };
		130859D71F2560BD007BC43D /* CorePatchData.swift in Sources */ = {isa = PBXBuildFile; fileRef = 138620731F15A427007161CA /* CorePatchData.swift */; };
		130859D81F2560BD007BC43D /* PatchDataController.swift in Sources */ = {isa = PBXBuildFile; fileRef = 1335B9BA1EC7500D00DD7088 /* PatchDataController.swift */; };
		130859D91F2560BD007BC43D /* SettingsViewController.swift in Sources */ = {isa = PBXBuildFile; fileRef = 133EEBAE1EF2EB0200E64C4D /* SettingsViewController.swift */; };
		130859DA1F2560BD007BC43D /* ScheduleToSettingsSegue.swift in Sources */ = {isa = PBXBuildFile; fileRef = 13D50B3B1ED4E33700713972 /* ScheduleToSettingsSegue.swift */; };
		130859DB1F2560BD007BC43D /* patchData.xcdatamodeld in Sources */ = {isa = PBXBuildFile; fileRef = 13F0CC0A1EC2567A00653CB9 /* patchData.xcdatamodeld */; };
		130859DC1F2560BD007BC43D /* PDColors.swift in Sources */ = {isa = PBXBuildFile; fileRef = 139754B41ED8EE27006C82B8 /* PDColors.swift */; };
		130859DD1F2560BD007BC43D /* PatchScheduleViewController.swift in Sources */ = {isa = PBXBuildFile; fileRef = 13E980D71EDFA54B0062B144 /* PatchScheduleViewController.swift */; };
		130859DE1F2560BD007BC43D /* PDImages.swift in Sources */ = {isa = PBXBuildFile; fileRef = 131F0B681EE3AAD700576200 /* PDImages.swift */; };
		130859DF1F2560BD007BC43D /* PatchDetailsSegue.swift in Sources */ = {isa = PBXBuildFile; fileRef = 13E980D11EDBC2180062B144 /* PatchDetailsSegue.swift */; };
		130859E01F2560BD007BC43D /* MOPatch.swift in Sources */ = {isa = PBXBuildFile; fileRef = 13F82DF11EE1F36C006C8041 /* MOPatch.swift */; };
		130859E11F2560BD007BC43D /* SettingsToScheduleSegue.swift in Sources */ = {isa = PBXBuildFile; fileRef = 13D50B411ED51AF000713972 /* SettingsToScheduleSegue.swift */; };
		130859E21F2560BD007BC43D /* SuggestedPatchLocation.swift in Sources */ = {isa = PBXBuildFile; fileRef = 1340A9E91EE5935A0003EFFA /* SuggestedPatchLocation.swift */; };
		130859E31F2560BD007BC43D /* PDNotificationController.swift in Sources */ = {isa = PBXBuildFile; fileRef = 1340A9ED1EE771EC0003EFFA /* PDNotificationController.swift */; };
		130859E41F2560BD007BC43D /* PatchDetailsViewController.swift in Sources */ = {isa = PBXBuildFile; fileRef = 139754BD1EDA8C4D006C82B8 /* PatchDetailsViewController.swift */; };
		130859E51F2560BD007BC43D /* PDAlertController.swift in Sources */ = {isa = PBXBuildFile; fileRef = 13E0BB5C1EF8E5D900939D37 /* PDAlertController.swift */; };
		130859E61F2560BD007BC43D /* AppDelegate.swift in Sources */ = {isa = PBXBuildFile; fileRef = 137330EC1E22BA3E0048F91E /* AppDelegate.swift */; };
		130859E71F2560BD007BC43D /* PDStrings.swift in Sources */ = {isa = PBXBuildFile; fileRef = 1340A9E71EE4D4220003EFFA /* PDStrings.swift */; };
		130859E81F2560BD007BC43D /* SettingsDefaultsController.swift in Sources */ = {isa = PBXBuildFile; fileRef = 13C746D01ED781DD00067A67 /* SettingsDefaultsController.swift */; };
		130859EB1F2560BD007BC43D /* LaunchScreen.storyboard in Resources */ = {isa = PBXBuildFile; fileRef = 137330F51E22BA3E0048F91E /* LaunchScreen.storyboard */; };
		130859EC1F2560BD007BC43D /* Assets.xcassets in Resources */ = {isa = PBXBuildFile; fileRef = 137330F31E22BA3E0048F91E /* Assets.xcassets */; };
		130859ED1F2560BD007BC43D /* Main.storyboard in Resources */ = {isa = PBXBuildFile; fileRef = 137330F01E22BA3E0048F91E /* Main.storyboard */; };
		1309A5241F17E2C500520B2F /* PatchSchedule.swift in Sources */ = {isa = PBXBuildFile; fileRef = 1309A5231F17E2C500520B2F /* PatchSchedule.swift */; };
		131F0B691EE3AAD700576200 /* PDImages.swift in Sources */ = {isa = PBXBuildFile; fileRef = 131F0B681EE3AAD700576200 /* PDImages.swift */; };
		1335B9BB1EC7500D00DD7088 /* PatchDataController.swift in Sources */ = {isa = PBXBuildFile; fileRef = 1335B9BA1EC7500D00DD7088 /* PatchDataController.swift */; };
		133EEBAF1EF2EB0200E64C4D /* SettingsViewController.swift in Sources */ = {isa = PBXBuildFile; fileRef = 133EEBAE1EF2EB0200E64C4D /* SettingsViewController.swift */; };
		1340A9E81EE4D4220003EFFA /* PDStrings.swift in Sources */ = {isa = PBXBuildFile; fileRef = 1340A9E71EE4D4220003EFFA /* PDStrings.swift */; };
		1340A9EA1EE5935A0003EFFA /* SuggestedPatchLocation.swift in Sources */ = {isa = PBXBuildFile; fileRef = 1340A9E91EE5935A0003EFFA /* SuggestedPatchLocation.swift */; };
		1340A9EE1EE771EC0003EFFA /* PDNotificationController.swift in Sources */ = {isa = PBXBuildFile; fileRef = 1340A9ED1EE771EC0003EFFA /* PDNotificationController.swift */; };
		137330ED1E22BA3E0048F91E /* AppDelegate.swift in Sources */ = {isa = PBXBuildFile; fileRef = 137330EC1E22BA3E0048F91E /* AppDelegate.swift */; };
		137330F21E22BA3E0048F91E /* Main.storyboard in Resources */ = {isa = PBXBuildFile; fileRef = 137330F01E22BA3E0048F91E /* Main.storyboard */; };
		137330F41E22BA3E0048F91E /* Assets.xcassets in Resources */ = {isa = PBXBuildFile; fileRef = 137330F31E22BA3E0048F91E /* Assets.xcassets */; };
		137330F71E22BA3E0048F91E /* LaunchScreen.storyboard in Resources */ = {isa = PBXBuildFile; fileRef = 137330F51E22BA3E0048F91E /* LaunchScreen.storyboard */; };
		1373310D1E22BA3E0048F91E /* PatchDayUITests.swift in Sources */ = {isa = PBXBuildFile; fileRef = 1373310C1E22BA3E0048F91E /* PatchDayUITests.swift */; };
		138620741F15A427007161CA /* CorePatchData.swift in Sources */ = {isa = PBXBuildFile; fileRef = 138620731F15A427007161CA /* CorePatchData.swift */; };
		139754B51ED8EE27006C82B8 /* PDColors.swift in Sources */ = {isa = PBXBuildFile; fileRef = 139754B41ED8EE27006C82B8 /* PDColors.swift */; };
		139754BE1EDA8C4D006C82B8 /* PatchDetailsViewController.swift in Sources */ = {isa = PBXBuildFile; fileRef = 139754BD1EDA8C4D006C82B8 /* PatchDetailsViewController.swift */; };
		13C746D11ED781DD00067A67 /* SettingsDefaultsController.swift in Sources */ = {isa = PBXBuildFile; fileRef = 13C746D01ED781DD00067A67 /* SettingsDefaultsController.swift */; };
		13D50B3C1ED4E33700713972 /* ScheduleToSettingsSegue.swift in Sources */ = {isa = PBXBuildFile; fileRef = 13D50B3B1ED4E33700713972 /* ScheduleToSettingsSegue.swift */; };
		13D50B421ED51AF000713972 /* SettingsToScheduleSegue.swift in Sources */ = {isa = PBXBuildFile; fileRef = 13D50B411ED51AF000713972 /* SettingsToScheduleSegue.swift */; };
		13E0BB5D1EF8E5D900939D37 /* PDAlertController.swift in Sources */ = {isa = PBXBuildFile; fileRef = 13E0BB5C1EF8E5D900939D37 /* PDAlertController.swift */; };
		13E0BB5F1EFC23D900939D37 /* PDTests.swift in Sources */ = {isa = PBXBuildFile; fileRef = 13E0BB5E1EFC23D900939D37 /* PDTests.swift */; };
		13E980D21EDBC2180062B144 /* PatchDetailsSegue.swift in Sources */ = {isa = PBXBuildFile; fileRef = 13E980D11EDBC2180062B144 /* PatchDetailsSegue.swift */; };
		13E980D81EDFA54B0062B144 /* PatchScheduleViewController.swift in Sources */ = {isa = PBXBuildFile; fileRef = 13E980D71EDFA54B0062B144 /* PatchScheduleViewController.swift */; };
		13F0CC0C1EC2567A00653CB9 /* patchData.xcdatamodeld in Sources */ = {isa = PBXBuildFile; fileRef = 13F0CC0A1EC2567A00653CB9 /* patchData.xcdatamodeld */; };
		13F82DF31EE1F36C006C8041 /* MOPatch.swift in Sources */ = {isa = PBXBuildFile; fileRef = 13F82DF11EE1F36C006C8041 /* MOPatch.swift */; };
		13F82DF41EE1F36C006C8041 /* PatchObjectMethods.swift in Sources */ = {isa = PBXBuildFile; fileRef = 13F82DF21EE1F36C006C8041 /* PatchObjectMethods.swift */; };
/* End PBXBuildFile section */

/* Begin PBXContainerItemProxy section */
		137330FE1E22BA3E0048F91E /* PBXContainerItemProxy */ = {
			isa = PBXContainerItemProxy;
			containerPortal = 137330E11E22BA3E0048F91E /* Project object */;
			proxyType = 1;
			remoteGlobalIDString = 137330E81E22BA3E0048F91E;
			remoteInfo = PatchDay;
		};
		137331091E22BA3E0048F91E /* PBXContainerItemProxy */ = {
			isa = PBXContainerItemProxy;
			containerPortal = 137330E11E22BA3E0048F91E /* Project object */;
			proxyType = 1;
			remoteGlobalIDString = 137330E81E22BA3E0048F91E;
			remoteInfo = PatchDay;
		};
/* End PBXContainerItemProxy section */

/* Begin PBXCopyFilesBuildPhase section */
		130859EE1F2560BD007BC43D /* Embed Frameworks */ = {
			isa = PBXCopyFilesBuildPhase;
			buildActionMask = 2147483647;
			dstPath = "";
			dstSubfolderSpec = 10;
			files = (
			);
			name = "Embed Frameworks";
			runOnlyForDeploymentPostprocessing = 0;
		};
		13B00C061F1A8EC700548019 /* Embed Frameworks */ = {
			isa = PBXCopyFilesBuildPhase;
			buildActionMask = 2147483647;
			dstPath = "";
			dstSubfolderSpec = 10;
			files = (
			);
			name = "Embed Frameworks";
			runOnlyForDeploymentPostprocessing = 0;
		};
/* End PBXCopyFilesBuildPhase section */

/* Begin PBXFileReference section */
		130859F21F2560BD007BC43D /* PatchDay+.app */ = {isa = PBXFileReference; explicitFileType = wrapper.application; includeInIndex = 0; path = "PatchDay+.app"; sourceTree = BUILT_PRODUCTS_DIR; };
		130859F31F2560BD007BC43D /* PatchDay copy2-Info.plist */ = {isa = PBXFileReference; lastKnownFileType = text.plist.xml; name = "PatchDay copy2-Info.plist"; path = "/Users/Yingthi/Documents/PatchDay/PatchDay copy2-Info.plist"; sourceTree = "<absolute>"; };
		1309A5231F17E2C500520B2F /* PatchSchedule.swift */ = {isa = PBXFileReference; fileEncoding = 4; lastKnownFileType = sourcecode.swift; path = PatchSchedule.swift; sourceTree = "<group>"; };
		131F0B681EE3AAD700576200 /* PDImages.swift */ = {isa = PBXFileReference; fileEncoding = 4; lastKnownFileType = sourcecode.swift; path = PDImages.swift; sourceTree = "<group>"; };
		1335B9BA1EC7500D00DD7088 /* PatchDataController.swift */ = {isa = PBXFileReference; fileEncoding = 4; lastKnownFileType = sourcecode.swift; path = PatchDataController.swift; sourceTree = "<group>"; };
		133EEBAE1EF2EB0200E64C4D /* SettingsViewController.swift */ = {isa = PBXFileReference; fileEncoding = 4; lastKnownFileType = sourcecode.swift; path = SettingsViewController.swift; sourceTree = "<group>"; };
		1340A9E71EE4D4220003EFFA /* PDStrings.swift */ = {isa = PBXFileReference; fileEncoding = 4; lastKnownFileType = sourcecode.swift; path = PDStrings.swift; sourceTree = "<group>"; };
		1340A9E91EE5935A0003EFFA /* SuggestedPatchLocation.swift */ = {isa = PBXFileReference; fileEncoding = 4; lastKnownFileType = sourcecode.swift; path = SuggestedPatchLocation.swift; sourceTree = "<group>"; };
		1340A9ED1EE771EC0003EFFA /* PDNotificationController.swift */ = {isa = PBXFileReference; fileEncoding = 4; lastKnownFileType = sourcecode.swift; path = PDNotificationController.swift; sourceTree = "<group>"; };
		137330E91E22BA3E0048F91E /* PatchDay.app */ = {isa = PBXFileReference; explicitFileType = wrapper.application; includeInIndex = 0; path = PatchDay.app; sourceTree = BUILT_PRODUCTS_DIR; };
		137330EC1E22BA3E0048F91E /* AppDelegate.swift */ = {isa = PBXFileReference; lastKnownFileType = sourcecode.swift; path = AppDelegate.swift; sourceTree = "<group>"; };
		137330F11E22BA3E0048F91E /* Base */ = {isa = PBXFileReference; lastKnownFileType = file.storyboard; name = Base; path = Base.lproj/Main.storyboard; sourceTree = "<group>"; };
		137330F31E22BA3E0048F91E /* Assets.xcassets */ = {isa = PBXFileReference; lastKnownFileType = folder.assetcatalog; path = Assets.xcassets; sourceTree = "<group>"; };
		137330F61E22BA3E0048F91E /* Base */ = {isa = PBXFileReference; lastKnownFileType = file.storyboard; name = Base; path = Base.lproj/LaunchScreen.storyboard; sourceTree = "<group>"; };
		137330F81E22BA3E0048F91E /* Info.plist */ = {isa = PBXFileReference; lastKnownFileType = text.plist.xml; path = Info.plist; sourceTree = "<group>"; };
		137330FD1E22BA3E0048F91E /* PatchDayTests.xctest */ = {isa = PBXFileReference; explicitFileType = wrapper.cfbundle; includeInIndex = 0; path = PatchDayTests.xctest; sourceTree = BUILT_PRODUCTS_DIR; };
		137331031E22BA3E0048F91E /* Info.plist */ = {isa = PBXFileReference; lastKnownFileType = text.plist.xml; path = Info.plist; sourceTree = "<group>"; };
		137331081E22BA3E0048F91E /* PatchDayUITests.xctest */ = {isa = PBXFileReference; explicitFileType = wrapper.cfbundle; includeInIndex = 0; path = PatchDayUITests.xctest; sourceTree = BUILT_PRODUCTS_DIR; };
		1373310C1E22BA3E0048F91E /* PatchDayUITests.swift */ = {isa = PBXFileReference; lastKnownFileType = sourcecode.swift; path = PatchDayUITests.swift; sourceTree = "<group>"; };
		1373310E1E22BA3E0048F91E /* Info.plist */ = {isa = PBXFileReference; lastKnownFileType = text.plist.xml; path = Info.plist; sourceTree = "<group>"; };
		138426D01F4DDA98008C6E6D /* zh-Hans */ = {isa = PBXFileReference; lastKnownFileType = text.plist.strings; name = "zh-Hans"; path = "zh-Hans.lproj/Main.strings"; sourceTree = "<group>"; };
		138426D11F4DDA98008C6E6D /* zh-Hans */ = {isa = PBXFileReference; lastKnownFileType = text.plist.strings; name = "zh-Hans"; path = "zh-Hans.lproj/LaunchScreen.strings"; sourceTree = "<group>"; };
		138426D31F4DDB31008C6E6D /* en */ = {isa = PBXFileReference; lastKnownFileType = text.plist.strings; name = en; path = en.lproj/Main.strings; sourceTree = "<group>"; };
		138426D41F4DE0E2008C6E6D /* zh-Hant */ = {isa = PBXFileReference; lastKnownFileType = text.plist.strings; name = "zh-Hant"; path = "zh-Hant.lproj/Main.strings"; sourceTree = "<group>"; };
		138426D51F4DE0E2008C6E6D /* zh-Hant */ = {isa = PBXFileReference; lastKnownFileType = text.plist.strings; name = "zh-Hant"; path = "zh-Hant.lproj/LaunchScreen.strings"; sourceTree = "<group>"; };
		138620731F15A427007161CA /* CorePatchData.swift */ = {isa = PBXFileReference; fileEncoding = 4; lastKnownFileType = sourcecode.swift; path = CorePatchData.swift; sourceTree = "<group>"; };
		139754B41ED8EE27006C82B8 /* PDColors.swift */ = {isa = PBXFileReference; fileEncoding = 4; lastKnownFileType = sourcecode.swift; path = PDColors.swift; sourceTree = "<group>"; };
		139754BD1EDA8C4D006C82B8 /* PatchDetailsViewController.swift */ = {isa = PBXFileReference; fileEncoding = 4; lastKnownFileType = sourcecode.swift; path = PatchDetailsViewController.swift; sourceTree = "<group>"; };
		13A7A4D61E4CCF0100594973 /* PatchDay.entitlements */ = {isa = PBXFileReference; lastKnownFileType = text.plist.entitlements; path = PatchDay.entitlements; sourceTree = "<group>"; };
		13C746D01ED781DD00067A67 /* SettingsDefaultsController.swift */ = {isa = PBXFileReference; fileEncoding = 4; lastKnownFileType = sourcecode.swift; path = SettingsDefaultsController.swift; sourceTree = "<group>"; };
		13D50B3B1ED4E33700713972 /* ScheduleToSettingsSegue.swift */ = {isa = PBXFileReference; fileEncoding = 4; lastKnownFileType = sourcecode.swift; path = ScheduleToSettingsSegue.swift; sourceTree = "<group>"; };
		13D50B411ED51AF000713972 /* SettingsToScheduleSegue.swift */ = {isa = PBXFileReference; fileEncoding = 4; lastKnownFileType = sourcecode.swift; path = SettingsToScheduleSegue.swift; sourceTree = "<group>"; };
		13E0BB5C1EF8E5D900939D37 /* PDAlertController.swift */ = {isa = PBXFileReference; fileEncoding = 4; lastKnownFileType = sourcecode.swift; path = PDAlertController.swift; sourceTree = "<group>"; };
		13E0BB5E1EFC23D900939D37 /* PDTests.swift */ = {isa = PBXFileReference; fileEncoding = 4; lastKnownFileType = sourcecode.swift; path = PDTests.swift; sourceTree = "<group>"; };
		13E980D11EDBC2180062B144 /* PatchDetailsSegue.swift */ = {isa = PBXFileReference; fileEncoding = 4; lastKnownFileType = sourcecode.swift; path = PatchDetailsSegue.swift; sourceTree = "<group>"; };
		13E980D71EDFA54B0062B144 /* PatchScheduleViewController.swift */ = {isa = PBXFileReference; fileEncoding = 4; lastKnownFileType = sourcecode.swift; path = PatchScheduleViewController.swift; sourceTree = "<group>"; };
		13F0CC0B1EC2567A00653CB9 /* patchData.xcdatamodel */ = {isa = PBXFileReference; lastKnownFileType = wrapper.xcdatamodel; path = patchData.xcdatamodel; sourceTree = "<group>"; };
		13F82DF11EE1F36C006C8041 /* MOPatch.swift */ = {isa = PBXFileReference; fileEncoding = 4; lastKnownFileType = sourcecode.swift; name = MOPatch.swift; path = ../MOPatch.swift; sourceTree = "<group>"; };
		13F82DF21EE1F36C006C8041 /* PatchObjectMethods.swift */ = {isa = PBXFileReference; fileEncoding = 4; lastKnownFileType = sourcecode.swift; name = PatchObjectMethods.swift; path = ../PatchObjectMethods.swift; sourceTree = "<group>"; };
/* End PBXFileReference section */

/* Begin PBXFrameworksBuildPhase section */
		130859E91F2560BD007BC43D /* Frameworks */ = {
			isa = PBXFrameworksBuildPhase;
			buildActionMask = 2147483647;
			files = (
			);
			runOnlyForDeploymentPostprocessing = 0;
		};
		137330E61E22BA3E0048F91E /* Frameworks */ = {
			isa = PBXFrameworksBuildPhase;
			buildActionMask = 2147483647;
			files = (
			);
			runOnlyForDeploymentPostprocessing = 0;
		};
		137330FA1E22BA3E0048F91E /* Frameworks */ = {
			isa = PBXFrameworksBuildPhase;
			buildActionMask = 2147483647;
			files = (
			);
			runOnlyForDeploymentPostprocessing = 0;
		};
		137331051E22BA3E0048F91E /* Frameworks */ = {
			isa = PBXFrameworksBuildPhase;
			buildActionMask = 2147483647;
			files = (
			);
			runOnlyForDeploymentPostprocessing = 0;
		};
/* End PBXFrameworksBuildPhase section */

/* Begin PBXGroup section */
		131F0B6B1EE3BB3000576200 /* Assets */ = {
			isa = PBXGroup;
			children = (
				137330F31E22BA3E0048F91E /* Assets.xcassets */,
				131F0B681EE3AAD700576200 /* PDImages.swift */,
				139754B41ED8EE27006C82B8 /* PDColors.swift */,
				1340A9E71EE4D4220003EFFA /* PDStrings.swift */,
			);
			name = Assets;
			sourceTree = "<group>";
		};
		1340A9F41EF0BDF80003EFFA /* Frameworks */ = {
			isa = PBXGroup;
			children = (
			);
			name = Frameworks;
			sourceTree = "<group>";
		};
		137330E01E22BA3E0048F91E = {
			isa = PBXGroup;
			children = (
				137330EB1E22BA3E0048F91E /* PatchDay */,
				137331001E22BA3E0048F91E /* PatchDayTests */,
				1373310B1E22BA3E0048F91E /* PatchDayUITests */,
				137330EA1E22BA3E0048F91E /* Products */,
				1340A9F41EF0BDF80003EFFA /* Frameworks */,
				130859F31F2560BD007BC43D /* PatchDay copy2-Info.plist */,
			);
			sourceTree = "<group>";
		};
		137330EA1E22BA3E0048F91E /* Products */ = {
			isa = PBXGroup;
			children = (
				137330E91E22BA3E0048F91E /* PatchDay.app */,
				137330FD1E22BA3E0048F91E /* PatchDayTests.xctest */,
				137331081E22BA3E0048F91E /* PatchDayUITests.xctest */,
				130859F21F2560BD007BC43D /* PatchDay+.app */,
			);
			name = Products;
			sourceTree = "<group>";
		};
		137330EB1E22BA3E0048F91E /* PatchDay */ = {
			isa = PBXGroup;
			children = (
				138620701F159ACD007161CA /* PatchDataController */,
				1386206F1F159AB2007161CA /* AppDelegate */,
				139754BB1ED8F7C0006C82B8 /* Segues */,
				139754BC1ED8F7CA006C82B8 /* ViewControllers */,
				137330F01E22BA3E0048F91E /* Main.storyboard */,
				131F0B6B1EE3BB3000576200 /* Assets */,
				137330F51E22BA3E0048F91E /* LaunchScreen.storyboard */,
				137330F81E22BA3E0048F91E /* Info.plist */,
				13A7A4D61E4CCF0100594973 /* PatchDay.entitlements */,
			);
			path = PatchDay;
			sourceTree = "<group>";
		};
		137331001E22BA3E0048F91E /* PatchDayTests */ = {
			isa = PBXGroup;
			children = (
				13E0BB5E1EFC23D900939D37 /* PDTests.swift */,
				137331031E22BA3E0048F91E /* Info.plist */,
			);
			path = PatchDayTests;
			sourceTree = "<group>";
		};
		1373310B1E22BA3E0048F91E /* PatchDayUITests */ = {
			isa = PBXGroup;
			children = (
				1373310C1E22BA3E0048F91E /* PatchDayUITests.swift */,
				1373310E1E22BA3E0048F91E /* Info.plist */,
			);
			path = PatchDayUITests;
			sourceTree = "<group>";
		};
		1386206F1F159AB2007161CA /* AppDelegate */ = {
			isa = PBXGroup;
			children = (
				137330EC1E22BA3E0048F91E /* AppDelegate.swift */,
				13C746D01ED781DD00067A67 /* SettingsDefaultsController.swift */,
				13E0BB5C1EF8E5D900939D37 /* PDAlertController.swift */,
				1340A9ED1EE771EC0003EFFA /* PDNotificationController.swift */,
			);
			name = AppDelegate;
			sourceTree = "<group>";
		};
		138620701F159ACD007161CA /* PatchDataController */ = {
			isa = PBXGroup;
			children = (
				138A65611F198B4D0068A972 /* CoreData */,
				1335B9BA1EC7500D00DD7088 /* PatchDataController.swift */,
				1309A5231F17E2C500520B2F /* PatchSchedule.swift */,
				1340A9E91EE5935A0003EFFA /* SuggestedPatchLocation.swift */,
			);
			name = PatchDataController;
			sourceTree = "<group>";
		};
		138A65611F198B4D0068A972 /* CoreData */ = {
			isa = PBXGroup;
			children = (
				13F82DF11EE1F36C006C8041 /* MOPatch.swift */,
				13F82DF21EE1F36C006C8041 /* PatchObjectMethods.swift */,
				13F0CC0A1EC2567A00653CB9 /* patchData.xcdatamodeld */,
				138620731F15A427007161CA /* CorePatchData.swift */,
			);
			name = CoreData;
			sourceTree = "<group>";
		};
		139754BB1ED8F7C0006C82B8 /* Segues */ = {
			isa = PBXGroup;
			children = (
				13D50B3B1ED4E33700713972 /* ScheduleToSettingsSegue.swift */,
				13D50B411ED51AF000713972 /* SettingsToScheduleSegue.swift */,
				13E980D11EDBC2180062B144 /* PatchDetailsSegue.swift */,
			);
			name = Segues;
			sourceTree = "<group>";
		};
		139754BC1ED8F7CA006C82B8 /* ViewControllers */ = {
			isa = PBXGroup;
			children = (
				133EEBAE1EF2EB0200E64C4D /* SettingsViewController.swift */,
				139754BD1EDA8C4D006C82B8 /* PatchDetailsViewController.swift */,
				13E980D71EDFA54B0062B144 /* PatchScheduleViewController.swift */,
			);
			name = ViewControllers;
			sourceTree = "<group>";
		};
/* End PBXGroup section */

/* Begin PBXNativeTarget section */
		130859D31F2560BD007BC43D /* PatchDay+ */ = {
			isa = PBXNativeTarget;
			buildConfigurationList = 130859EF1F2560BD007BC43D /* Build configuration list for PBXNativeTarget "PatchDay+" */;
			buildPhases = (
				130859D41F2560BD007BC43D /* Sources */,
				130859E91F2560BD007BC43D /* Frameworks */,
				130859EA1F2560BD007BC43D /* Resources */,
				130859EE1F2560BD007BC43D /* Embed Frameworks */,
			);
			buildRules = (
			);
			dependencies = (
			);
			name = "PatchDay+";
			productName = PatchDay;
			productReference = 130859F21F2560BD007BC43D /* PatchDay+.app */;
			productType = "com.apple.product-type.application";
		};
		137330E81E22BA3E0048F91E /* PatchDay */ = {
			isa = PBXNativeTarget;
			buildConfigurationList = 137331111E22BA3E0048F91E /* Build configuration list for PBXNativeTarget "PatchDay" */;
			buildPhases = (
				137330E51E22BA3E0048F91E /* Sources */,
				137330E61E22BA3E0048F91E /* Frameworks */,
				137330E71E22BA3E0048F91E /* Resources */,
				13B00C061F1A8EC700548019 /* Embed Frameworks */,
			);
			buildRules = (
			);
			dependencies = (
			);
			name = PatchDay;
			productName = PatchDay;
			productReference = 137330E91E22BA3E0048F91E /* PatchDay.app */;
			productType = "com.apple.product-type.application";
		};
		137330FC1E22BA3E0048F91E /* PatchDayTests */ = {
			isa = PBXNativeTarget;
			buildConfigurationList = 137331141E22BA3E0048F91E /* Build configuration list for PBXNativeTarget "PatchDayTests" */;
			buildPhases = (
				137330F91E22BA3E0048F91E /* Sources */,
				137330FA1E22BA3E0048F91E /* Frameworks */,
				137330FB1E22BA3E0048F91E /* Resources */,
			);
			buildRules = (
			);
			dependencies = (
				137330FF1E22BA3E0048F91E /* PBXTargetDependency */,
			);
			name = PatchDayTests;
			productName = PatchDayTests;
			productReference = 137330FD1E22BA3E0048F91E /* PatchDayTests.xctest */;
			productType = "com.apple.product-type.bundle.unit-test";
		};
		137331071E22BA3E0048F91E /* PatchDayUITests */ = {
			isa = PBXNativeTarget;
			buildConfigurationList = 137331171E22BA3E0048F91E /* Build configuration list for PBXNativeTarget "PatchDayUITests" */;
			buildPhases = (
				137331041E22BA3E0048F91E /* Sources */,
				137331051E22BA3E0048F91E /* Frameworks */,
				137331061E22BA3E0048F91E /* Resources */,
			);
			buildRules = (
			);
			dependencies = (
				1373310A1E22BA3E0048F91E /* PBXTargetDependency */,
			);
			name = PatchDayUITests;
			productName = PatchDayUITests;
			productReference = 137331081E22BA3E0048F91E /* PatchDayUITests.xctest */;
			productType = "com.apple.product-type.bundle.ui-testing";
		};
/* End PBXNativeTarget section */

/* Begin PBXProject section */
		137330E11E22BA3E0048F91E /* Project object */ = {
			isa = PBXProject;
			attributes = {
				LastSwiftUpdateCheck = 0820;
				LastUpgradeCheck = 0920;
				ORGANIZATIONNAME = "Juliya Smith";
				TargetAttributes = {
					130859D31F2560BD007BC43D = {
						DevelopmentTeam = 8U33TMB35U;
					};
					137330E81E22BA3E0048F91E = {
						CreatedOnToolsVersion = 8.2.1;
						DevelopmentTeam = 8U33TMB35U;
						LastSwiftMigration = 0920;
						ProvisioningStyle = Automatic;
						SystemCapabilities = {
							com.apple.Push = {
								enabled = 1;
							};
							com.apple.iCloud = {
								enabled = 0;
							};
						};
					};
					137330FC1E22BA3E0048F91E = {
						CreatedOnToolsVersion = 8.2.1;
						LastSwiftMigration = 0920;
						ProvisioningStyle = Automatic;
						TestTargetID = 137330E81E22BA3E0048F91E;
					};
					137331071E22BA3E0048F91E = {
						CreatedOnToolsVersion = 8.2.1;
						LastSwiftMigration = 0920;
						ProvisioningStyle = Automatic;
						TestTargetID = 137330E81E22BA3E0048F91E;
					};
				};
			};
			buildConfigurationList = 137330E41E22BA3E0048F91E /* Build configuration list for PBXProject "PatchDay" */;
			compatibilityVersion = "Xcode 3.2";
			developmentRegion = English;
			hasScannedForEncodings = 0;
			knownRegions = (
				en,
				Base,
			);
			mainGroup = 137330E01E22BA3E0048F91E;
			productRefGroup = 137330EA1E22BA3E0048F91E /* Products */;
			projectDirPath = "";
			projectRoot = "";
			targets = (
				137330E81E22BA3E0048F91E /* PatchDay */,
				137330FC1E22BA3E0048F91E /* PatchDayTests */,
				137331071E22BA3E0048F91E /* PatchDayUITests */,
				130859D31F2560BD007BC43D /* PatchDay+ */,
			);
		};
/* End PBXProject section */

/* Begin PBXResourcesBuildPhase section */
		130859EA1F2560BD007BC43D /* Resources */ = {
			isa = PBXResourcesBuildPhase;
			buildActionMask = 2147483647;
			files = (
				130859EB1F2560BD007BC43D /* LaunchScreen.storyboard in Resources */,
				130859EC1F2560BD007BC43D /* Assets.xcassets in Resources */,
				130859ED1F2560BD007BC43D /* Main.storyboard in Resources */,
			);
			runOnlyForDeploymentPostprocessing = 0;
		};
		137330E71E22BA3E0048F91E /* Resources */ = {
			isa = PBXResourcesBuildPhase;
			buildActionMask = 2147483647;
			files = (
				137330F71E22BA3E0048F91E /* LaunchScreen.storyboard in Resources */,
				137330F41E22BA3E0048F91E /* Assets.xcassets in Resources */,
				137330F21E22BA3E0048F91E /* Main.storyboard in Resources */,
			);
			runOnlyForDeploymentPostprocessing = 0;
		};
		137330FB1E22BA3E0048F91E /* Resources */ = {
			isa = PBXResourcesBuildPhase;
			buildActionMask = 2147483647;
			files = (
			);
			runOnlyForDeploymentPostprocessing = 0;
		};
		137331061E22BA3E0048F91E /* Resources */ = {
			isa = PBXResourcesBuildPhase;
			buildActionMask = 2147483647;
			files = (
			);
			runOnlyForDeploymentPostprocessing = 0;
		};
/* End PBXResourcesBuildPhase section */

/* Begin PBXSourcesBuildPhase section */
		130859D41F2560BD007BC43D /* Sources */ = {
			isa = PBXSourcesBuildPhase;
			buildActionMask = 2147483647;
			files = (
				130859D51F2560BD007BC43D /* PatchObjectMethods.swift in Sources */,
				130859D61F2560BD007BC43D /* PatchSchedule.swift in Sources */,
				130859D71F2560BD007BC43D /* CorePatchData.swift in Sources */,
				130859D81F2560BD007BC43D /* PatchDataController.swift in Sources */,
				130859D91F2560BD007BC43D /* SettingsViewController.swift in Sources */,
				130859DA1F2560BD007BC43D /* ScheduleToSettingsSegue.swift in Sources */,
				130859DB1F2560BD007BC43D /* patchData.xcdatamodeld in Sources */,
				130859DC1F2560BD007BC43D /* PDColors.swift in Sources */,
				130859DD1F2560BD007BC43D /* PatchScheduleViewController.swift in Sources */,
				130859DE1F2560BD007BC43D /* PDImages.swift in Sources */,
				130859DF1F2560BD007BC43D /* PatchDetailsSegue.swift in Sources */,
				130859E01F2560BD007BC43D /* MOPatch.swift in Sources */,
				130859E11F2560BD007BC43D /* SettingsToScheduleSegue.swift in Sources */,
				130859E21F2560BD007BC43D /* SuggestedPatchLocation.swift in Sources */,
				130859E31F2560BD007BC43D /* PDNotificationController.swift in Sources */,
				130859E41F2560BD007BC43D /* PatchDetailsViewController.swift in Sources */,
				130859E51F2560BD007BC43D /* PDAlertController.swift in Sources */,
				130859E61F2560BD007BC43D /* AppDelegate.swift in Sources */,
				130859E71F2560BD007BC43D /* PDStrings.swift in Sources */,
				130859E81F2560BD007BC43D /* SettingsDefaultsController.swift in Sources */,
			);
			runOnlyForDeploymentPostprocessing = 0;
		};
		137330E51E22BA3E0048F91E /* Sources */ = {
			isa = PBXSourcesBuildPhase;
			buildActionMask = 2147483647;
			files = (
				13F82DF41EE1F36C006C8041 /* PatchObjectMethods.swift in Sources */,
				1309A5241F17E2C500520B2F /* PatchSchedule.swift in Sources */,
				138620741F15A427007161CA /* CorePatchData.swift in Sources */,
				1335B9BB1EC7500D00DD7088 /* PatchDataController.swift in Sources */,
				133EEBAF1EF2EB0200E64C4D /* SettingsViewController.swift in Sources */,
				13D50B3C1ED4E33700713972 /* ScheduleToSettingsSegue.swift in Sources */,
				13F0CC0C1EC2567A00653CB9 /* patchData.xcdatamodeld in Sources */,
				139754B51ED8EE27006C82B8 /* PDColors.swift in Sources */,
				13E980D81EDFA54B0062B144 /* PatchScheduleViewController.swift in Sources */,
				131F0B691EE3AAD700576200 /* PDImages.swift in Sources */,
				13E980D21EDBC2180062B144 /* PatchDetailsSegue.swift in Sources */,
				13F82DF31EE1F36C006C8041 /* MOPatch.swift in Sources */,
				13D50B421ED51AF000713972 /* SettingsToScheduleSegue.swift in Sources */,
				1340A9EA1EE5935A0003EFFA /* SuggestedPatchLocation.swift in Sources */,
				1340A9EE1EE771EC0003EFFA /* PDNotificationController.swift in Sources */,
				139754BE1EDA8C4D006C82B8 /* PatchDetailsViewController.swift in Sources */,
				13E0BB5D1EF8E5D900939D37 /* PDAlertController.swift in Sources */,
				137330ED1E22BA3E0048F91E /* AppDelegate.swift in Sources */,
				1340A9E81EE4D4220003EFFA /* PDStrings.swift in Sources */,
				13C746D11ED781DD00067A67 /* SettingsDefaultsController.swift in Sources */,
			);
			runOnlyForDeploymentPostprocessing = 0;
		};
		137330F91E22BA3E0048F91E /* Sources */ = {
			isa = PBXSourcesBuildPhase;
			buildActionMask = 2147483647;
			files = (
				13E0BB5F1EFC23D900939D37 /* PDTests.swift in Sources */,
			);
			runOnlyForDeploymentPostprocessing = 0;
		};
		137331041E22BA3E0048F91E /* Sources */ = {
			isa = PBXSourcesBuildPhase;
			buildActionMask = 2147483647;
			files = (
				1373310D1E22BA3E0048F91E /* PatchDayUITests.swift in Sources */,
			);
			runOnlyForDeploymentPostprocessing = 0;
		};
/* End PBXSourcesBuildPhase section */

/* Begin PBXTargetDependency section */
		137330FF1E22BA3E0048F91E /* PBXTargetDependency */ = {
			isa = PBXTargetDependency;
			target = 137330E81E22BA3E0048F91E /* PatchDay */;
			targetProxy = 137330FE1E22BA3E0048F91E /* PBXContainerItemProxy */;
		};
		1373310A1E22BA3E0048F91E /* PBXTargetDependency */ = {
			isa = PBXTargetDependency;
			target = 137330E81E22BA3E0048F91E /* PatchDay */;
			targetProxy = 137331091E22BA3E0048F91E /* PBXContainerItemProxy */;
		};
/* End PBXTargetDependency section */

/* Begin PBXVariantGroup section */
		137330F01E22BA3E0048F91E /* Main.storyboard */ = {
			isa = PBXVariantGroup;
			children = (
				137330F11E22BA3E0048F91E /* Base */,
				138426D01F4DDA98008C6E6D /* zh-Hans */,
				138426D31F4DDB31008C6E6D /* en */,
				138426D41F4DE0E2008C6E6D /* zh-Hant */,
			);
			name = Main.storyboard;
			sourceTree = "<group>";
		};
		137330F51E22BA3E0048F91E /* LaunchScreen.storyboard */ = {
			isa = PBXVariantGroup;
			children = (
				137330F61E22BA3E0048F91E /* Base */,
				138426D11F4DDA98008C6E6D /* zh-Hans */,
				138426D51F4DE0E2008C6E6D /* zh-Hant */,
			);
			name = LaunchScreen.storyboard;
			sourceTree = "<group>";
		};
/* End PBXVariantGroup section */

/* Begin XCBuildConfiguration section */
		130859F01F2560BD007BC43D /* Debug */ = {
			isa = XCBuildConfiguration;
			buildSettings = {
				ASSETCATALOG_COMPILER_APPICON_NAME = AppIcon;
				CODE_SIGN_ENTITLEMENTS = PatchDay/PatchDay.entitlements;
				DEVELOPMENT_TEAM = 8U33TMB35U;
				INFOPLIST_FILE = "PatchDay copy2-Info.plist";
				LD_RUNPATH_SEARCH_PATHS = "$(inherited) @executable_path/Frameworks";
				PRODUCT_BUNDLE_IDENTIFIER = Yingthi.PatchDayPlus;
				PRODUCT_NAME = "$(TARGET_NAME)";
				SWIFT_VERSION = 3.0;
				TARGETED_DEVICE_FAMILY = "1,2";
			};
			name = Debug;
		};
		130859F11F2560BD007BC43D /* Release */ = {
			isa = XCBuildConfiguration;
			buildSettings = {
				ASSETCATALOG_COMPILER_APPICON_NAME = AppIcon;
				CODE_SIGN_ENTITLEMENTS = PatchDay/PatchDay.entitlements;
				DEVELOPMENT_TEAM = 8U33TMB35U;
				INFOPLIST_FILE = "PatchDay copy2-Info.plist";
				LD_RUNPATH_SEARCH_PATHS = "$(inherited) @executable_path/Frameworks";
				PRODUCT_BUNDLE_IDENTIFIER = Yingthi.PatchDayPlus;
				PRODUCT_NAME = "$(TARGET_NAME)";
				SWIFT_VERSION = 3.0;
				TARGETED_DEVICE_FAMILY = "1,2";
			};
			name = Release;
		};
		1373310F1E22BA3E0048F91E /* Debug */ = {
			isa = XCBuildConfiguration;
			buildSettings = {
				ALWAYS_SEARCH_USER_PATHS = NO;
				CLANG_ANALYZER_LOCALIZABILITY_NONLOCALIZED = YES;
				CLANG_ANALYZER_NONNULL = YES;
				CLANG_CXX_LANGUAGE_STANDARD = "gnu++0x";
				CLANG_CXX_LIBRARY = "libc++";
				CLANG_ENABLE_MODULES = YES;
				CLANG_ENABLE_OBJC_ARC = YES;
				CLANG_WARN_BLOCK_CAPTURE_AUTORELEASING = YES;
				CLANG_WARN_BOOL_CONVERSION = YES;
				CLANG_WARN_COMMA = YES;
				CLANG_WARN_CONSTANT_CONVERSION = YES;
				CLANG_WARN_DIRECT_OBJC_ISA_USAGE = YES_ERROR;
				CLANG_WARN_DOCUMENTATION_COMMENTS = YES;
				CLANG_WARN_EMPTY_BODY = YES;
				CLANG_WARN_ENUM_CONVERSION = YES;
				CLANG_WARN_INFINITE_RECURSION = YES;
				CLANG_WARN_INT_CONVERSION = YES;
				CLANG_WARN_NON_LITERAL_NULL_CONVERSION = YES;
				CLANG_WARN_OBJC_LITERAL_CONVERSION = YES;
				CLANG_WARN_OBJC_ROOT_CLASS = YES_ERROR;
				CLANG_WARN_RANGE_LOOP_ANALYSIS = YES;
				CLANG_WARN_STRICT_PROTOTYPES = YES;
				CLANG_WARN_SUSPICIOUS_MOVE = YES;
				CLANG_WARN_UNREACHABLE_CODE = YES;
				CLANG_WARN__DUPLICATE_METHOD_MATCH = YES;
				"CODE_SIGN_IDENTITY[sdk=iphoneos*]" = "iPhone Developer";
				COPY_PHASE_STRIP = NO;
				DEBUG_INFORMATION_FORMAT = dwarf;
				ENABLE_STRICT_OBJC_MSGSEND = YES;
				ENABLE_TESTABILITY = YES;
				GCC_C_LANGUAGE_STANDARD = gnu99;
				GCC_DYNAMIC_NO_PIC = NO;
				GCC_NO_COMMON_BLOCKS = YES;
				GCC_OPTIMIZATION_LEVEL = 0;
				GCC_PREPROCESSOR_DEFINITIONS = (
					"DEBUG=1",
					"$(inherited)",
				);
				GCC_WARN_64_TO_32_BIT_CONVERSION = YES;
				GCC_WARN_ABOUT_RETURN_TYPE = YES_ERROR;
				GCC_WARN_UNDECLARED_SELECTOR = YES;
				GCC_WARN_UNINITIALIZED_AUTOS = YES_AGGRESSIVE;
				GCC_WARN_UNUSED_FUNCTION = YES;
				GCC_WARN_UNUSED_VARIABLE = YES;
				IPHONEOS_DEPLOYMENT_TARGET = 10.2;
				MTL_ENABLE_DEBUG_INFO = YES;
				ONLY_ACTIVE_ARCH = YES;
				SDKROOT = iphoneos;
				SWIFT_ACTIVE_COMPILATION_CONDITIONS = DEBUG;
				SWIFT_OPTIMIZATION_LEVEL = "-Onone";
			};
			name = Debug;
		};
		137331101E22BA3E0048F91E /* Release */ = {
			isa = XCBuildConfiguration;
			buildSettings = {
				ALWAYS_SEARCH_USER_PATHS = NO;
				CLANG_ANALYZER_LOCALIZABILITY_NONLOCALIZED = YES;
				CLANG_ANALYZER_NONNULL = YES;
				CLANG_CXX_LANGUAGE_STANDARD = "gnu++0x";
				CLANG_CXX_LIBRARY = "libc++";
				CLANG_ENABLE_MODULES = YES;
				CLANG_ENABLE_OBJC_ARC = YES;
				CLANG_WARN_BLOCK_CAPTURE_AUTORELEASING = YES;
				CLANG_WARN_BOOL_CONVERSION = YES;
				CLANG_WARN_COMMA = YES;
				CLANG_WARN_CONSTANT_CONVERSION = YES;
				CLANG_WARN_DIRECT_OBJC_ISA_USAGE = YES_ERROR;
				CLANG_WARN_DOCUMENTATION_COMMENTS = YES;
				CLANG_WARN_EMPTY_BODY = YES;
				CLANG_WARN_ENUM_CONVERSION = YES;
				CLANG_WARN_INFINITE_RECURSION = YES;
				CLANG_WARN_INT_CONVERSION = YES;
				CLANG_WARN_NON_LITERAL_NULL_CONVERSION = YES;
				CLANG_WARN_OBJC_LITERAL_CONVERSION = YES;
				CLANG_WARN_OBJC_ROOT_CLASS = YES_ERROR;
				CLANG_WARN_RANGE_LOOP_ANALYSIS = YES;
				CLANG_WARN_STRICT_PROTOTYPES = YES;
				CLANG_WARN_SUSPICIOUS_MOVE = YES;
				CLANG_WARN_UNREACHABLE_CODE = YES;
				CLANG_WARN__DUPLICATE_METHOD_MATCH = YES;
				"CODE_SIGN_IDENTITY[sdk=iphoneos*]" = "iPhone Developer";
				COPY_PHASE_STRIP = NO;
				DEBUG_INFORMATION_FORMAT = "dwarf-with-dsym";
				ENABLE_NS_ASSERTIONS = NO;
				ENABLE_STRICT_OBJC_MSGSEND = YES;
				GCC_C_LANGUAGE_STANDARD = gnu99;
				GCC_NO_COMMON_BLOCKS = YES;
				GCC_WARN_64_TO_32_BIT_CONVERSION = YES;
				GCC_WARN_ABOUT_RETURN_TYPE = YES_ERROR;
				GCC_WARN_UNDECLARED_SELECTOR = YES;
				GCC_WARN_UNINITIALIZED_AUTOS = YES_AGGRESSIVE;
				GCC_WARN_UNUSED_FUNCTION = YES;
				GCC_WARN_UNUSED_VARIABLE = YES;
				IPHONEOS_DEPLOYMENT_TARGET = 10.2;
				MTL_ENABLE_DEBUG_INFO = NO;
				SDKROOT = iphoneos;
				SWIFT_OPTIMIZATION_LEVEL = "-Owholemodule";
				VALIDATE_PRODUCT = YES;
			};
			name = Release;
		};
		137331121E22BA3E0048F91E /* Debug */ = {
			isa = XCBuildConfiguration;
			buildSettings = {
				ASSETCATALOG_COMPILER_APPICON_NAME = AppIcon;
				CODE_SIGN_ENTITLEMENTS = PatchDay/PatchDay.entitlements;
				DEVELOPMENT_TEAM = 8U33TMB35U;
				INFOPLIST_FILE = PatchDay/Info.plist;
				LD_RUNPATH_SEARCH_PATHS = "$(inherited) @executable_path/Frameworks";
				PRODUCT_BUNDLE_IDENTIFIER = Yingthi.PatchDay;
				PRODUCT_NAME = "$(TARGET_NAME)";
				SWIFT_SWIFT3_OBJC_INFERENCE = On;
				SWIFT_VERSION = 4.0;
				TARGETED_DEVICE_FAMILY = "1,2";
			};
			name = Debug;
		};
		137331131E22BA3E0048F91E /* Release */ = {
			isa = XCBuildConfiguration;
			buildSettings = {
				ASSETCATALOG_COMPILER_APPICON_NAME = AppIcon;
				CODE_SIGN_ENTITLEMENTS = PatchDay/PatchDay.entitlements;
				DEVELOPMENT_TEAM = 8U33TMB35U;
				INFOPLIST_FILE = PatchDay/Info.plist;
				LD_RUNPATH_SEARCH_PATHS = "$(inherited) @executable_path/Frameworks";
				PRODUCT_BUNDLE_IDENTIFIER = Yingthi.PatchDay;
				PRODUCT_NAME = "$(TARGET_NAME)";
				SWIFT_SWIFT3_OBJC_INFERENCE = On;
				SWIFT_VERSION = 4.0;
				TARGETED_DEVICE_FAMILY = "1,2";
			};
			name = Release;
		};
		137331151E22BA3E0048F91E /* Debug */ = {
			isa = XCBuildConfiguration;
			buildSettings = {
				ALWAYS_EMBED_SWIFT_STANDARD_LIBRARIES = YES;
				BUNDLE_LOADER = "$(TEST_HOST)";
				INFOPLIST_FILE = PatchDayTests/Info.plist;
				LD_RUNPATH_SEARCH_PATHS = "$(inherited) @executable_path/Frameworks @loader_path/Frameworks";
				PRODUCT_BUNDLE_IDENTIFIER = Yingthi.PatchDayTests;
				PRODUCT_NAME = "$(TARGET_NAME)";
				SWIFT_SWIFT3_OBJC_INFERENCE = On;
				SWIFT_VERSION = 4.0;
				TEST_HOST = "$(BUILT_PRODUCTS_DIR)/PatchDay.app/PatchDay";
			};
			name = Debug;
		};
		137331161E22BA3E0048F91E /* Release */ = {
			isa = XCBuildConfiguration;
			buildSettings = {
				ALWAYS_EMBED_SWIFT_STANDARD_LIBRARIES = YES;
				BUNDLE_LOADER = "$(TEST_HOST)";
				INFOPLIST_FILE = PatchDayTests/Info.plist;
				LD_RUNPATH_SEARCH_PATHS = "$(inherited) @executable_path/Frameworks @loader_path/Frameworks";
				PRODUCT_BUNDLE_IDENTIFIER = Yingthi.PatchDayTests;
				PRODUCT_NAME = "$(TARGET_NAME)";
				SWIFT_SWIFT3_OBJC_INFERENCE = On;
				SWIFT_VERSION = 4.0;
				TEST_HOST = "$(BUILT_PRODUCTS_DIR)/PatchDay.app/PatchDay";
			};
			name = Release;
		};
		137331181E22BA3E0048F91E /* Debug */ = {
			isa = XCBuildConfiguration;
			buildSettings = {
				ALWAYS_EMBED_SWIFT_STANDARD_LIBRARIES = YES;
				INFOPLIST_FILE = PatchDayUITests/Info.plist;
				LD_RUNPATH_SEARCH_PATHS = "$(inherited) @executable_path/Frameworks @loader_path/Frameworks";
				PRODUCT_BUNDLE_IDENTIFIER = Yingthi.PatchDayUITests;
				PRODUCT_NAME = "$(TARGET_NAME)";
				SWIFT_SWIFT3_OBJC_INFERENCE = On;
				SWIFT_VERSION = 4.0;
				TEST_TARGET_NAME = PatchDay;
			};
			name = Debug;
		};
		137331191E22BA3E0048F91E /* Release */ = {
			isa = XCBuildConfiguration;
			buildSettings = {
				ALWAYS_EMBED_SWIFT_STANDARD_LIBRARIES = YES;
				INFOPLIST_FILE = PatchDayUITests/Info.plist;
				LD_RUNPATH_SEARCH_PATHS = "$(inherited) @executable_path/Frameworks @loader_path/Frameworks";
				PRODUCT_BUNDLE_IDENTIFIER = Yingthi.PatchDayUITests;
				PRODUCT_NAME = "$(TARGET_NAME)";
				SWIFT_SWIFT3_OBJC_INFERENCE = On;
				SWIFT_VERSION = 4.0;
				TEST_TARGET_NAME = PatchDay;
			};
			name = Release;
		};
/* End XCBuildConfiguration section */

/* Begin XCConfigurationList section */
		130859EF1F2560BD007BC43D /* Build configuration list for PBXNativeTarget "PatchDay+" */ = {
			isa = XCConfigurationList;
			buildConfigurations = (
				130859F01F2560BD007BC43D /* Debug */,
				130859F11F2560BD007BC43D /* Release */,
			);
			defaultConfigurationIsVisible = 0;
			defaultConfigurationName = Release;
		};
		137330E41E22BA3E0048F91E /* Build configuration list for PBXProject "PatchDay" */ = {
			isa = XCConfigurationList;
			buildConfigurations = (
				1373310F1E22BA3E0048F91E /* Debug */,
				137331101E22BA3E0048F91E /* Release */,
			);
			defaultConfigurationIsVisible = 0;
			defaultConfigurationName = Release;
		};
		137331111E22BA3E0048F91E /* Build configuration list for PBXNativeTarget "PatchDay" */ = {
			isa = XCConfigurationList;
			buildConfigurations = (
				137331121E22BA3E0048F91E /* Debug */,
				137331131E22BA3E0048F91E /* Release */,
			);
			defaultConfigurationIsVisible = 0;
			defaultConfigurationName = Release;
		};
		137331141E22BA3E0048F91E /* Build configuration list for PBXNativeTarget "PatchDayTests" */ = {
			isa = XCConfigurationList;
			buildConfigurations = (
				137331151E22BA3E0048F91E /* Debug */,
				137331161E22BA3E0048F91E /* Release */,
			);
			defaultConfigurationIsVisible = 0;
			defaultConfigurationName = Release;
		};
		137331171E22BA3E0048F91E /* Build configuration list for PBXNativeTarget "PatchDayUITests" */ = {
			isa = XCConfigurationList;
			buildConfigurations = (
				137331181E22BA3E0048F91E /* Debug */,
				137331191E22BA3E0048F91E /* Release */,
			);
			defaultConfigurationIsVisible = 0;
			defaultConfigurationName = Release;
		};
/* End XCConfigurationList section */

/* Begin XCVersionGroup section */
		13F0CC0A1EC2567A00653CB9 /* patchData.xcdatamodeld */ = {
			isa = XCVersionGroup;
			children = (
				13F0CC0B1EC2567A00653CB9 /* patchData.xcdatamodel */,
			);
			currentVersion = 13F0CC0B1EC2567A00653CB9 /* patchData.xcdatamodel */;
			path = patchData.xcdatamodeld;
			sourceTree = "<group>";
			versionGroupType = wrapper.xcdatamodel;
		};
/* End XCVersionGroup section */
	};
	rootObject = 137330E11E22BA3E0048F91E /* Project object */;
}
