// !$*UTF8*$!
{
	archiveVersion = 1;
	classes = {
	};
	objectVersion = 46;
	objects = {

/* Begin PBXBuildFile section */
		130101201FE5936E00AEFF7C /* PillsVC.swift in Sources */ = {isa = PBXBuildFile; fileRef = 1301011F1FE5936E00AEFF7C /* PillsVC.swift */; };
		133EEBAF1EF2EB0200E64C4D /* SettingsVC.swift in Sources */ = {isa = PBXBuildFile; fileRef = 133EEBAE1EF2EB0200E64C4D /* SettingsVC.swift */; };
		1340A9EE1EE771EC0003EFFA /* PDNotificationController.swift in Sources */ = {isa = PBXBuildFile; fileRef = 1340A9ED1EE771EC0003EFFA /* PDNotificationController.swift */; };
		137330ED1E22BA3E0048F91E /* AppDelegate.swift in Sources */ = {isa = PBXBuildFile; fileRef = 137330EC1E22BA3E0048F91E /* AppDelegate.swift */; };
		137330F21E22BA3E0048F91E /* Main.storyboard in Resources */ = {isa = PBXBuildFile; fileRef = 137330F01E22BA3E0048F91E /* Main.storyboard */; };
		137330F71E22BA3E0048F91E /* LaunchScreen.storyboard in Resources */ = {isa = PBXBuildFile; fileRef = 137330F51E22BA3E0048F91E /* LaunchScreen.storyboard */; };
		139754BE1EDA8C4D006C82B8 /* EstrogensVC.swift in Sources */ = {isa = PBXBuildFile; fileRef = 139754BD1EDA8C4D006C82B8 /* EstrogensVC.swift */; };
		13E0BB5D1EF8E5D900939D37 /* PDAlertController.swift in Sources */ = {isa = PBXBuildFile; fileRef = 13E0BB5C1EF8E5D900939D37 /* PDAlertController.swift */; };
		13E980D81EDFA54B0062B144 /* EstrogenVC.swift in Sources */ = {isa = PBXBuildFile; fileRef = 13E980D71EDFA54B0062B144 /* EstrogenVC.swift */; };
		9D1BC5672275F3E700552BC1 /* PDKeyStorable.swift in Sources */ = {isa = PBXBuildFile; fileRef = 9D1BC5662275F3E700552BC1 /* PDKeyStorable.swift */; };
		9D1BC5692275FAB500552BC1 /* DeliveryMethodUD.swift in Sources */ = {isa = PBXBuildFile; fileRef = 9D1BC5682275FAB500552BC1 /* DeliveryMethodUD.swift */; };
		9D1BC56D2275FC3E00552BC1 /* QuantityUD.swift in Sources */ = {isa = PBXBuildFile; fileRef = 9D1BC56C2275FC3E00552BC1 /* QuantityUD.swift */; };
		9D1BC56F2275FD6200552BC1 /* ExpirationIntervalUD.swift in Sources */ = {isa = PBXBuildFile; fileRef = 9D1BC56E2275FD6200552BC1 /* ExpirationIntervalUD.swift */; };
		9D1BC571227608FF00552BC1 /* NotificationsUD.swift in Sources */ = {isa = PBXBuildFile; fileRef = 9D1BC570227608FF00552BC1 /* NotificationsUD.swift */; };
		9D1BC5732276093F00552BC1 /* NotificationsMinutesBefore.swift in Sources */ = {isa = PBXBuildFile; fileRef = 9D1BC5722276093F00552BC1 /* NotificationsMinutesBefore.swift */; };
		9D1BC5752276098C00552BC1 /* MentionedDisclaimerUD.swift in Sources */ = {isa = PBXBuildFile; fileRef = 9D1BC5742276098C00552BC1 /* MentionedDisclaimerUD.swift */; };
		9D1BC577227609E800552BC1 /* SiteIndexUD.swift in Sources */ = {isa = PBXBuildFile; fileRef = 9D1BC576227609E800552BC1 /* SiteIndexUD.swift */; };
		9D1BC57922760A1A00552BC1 /* ThemeUD.swift in Sources */ = {isa = PBXBuildFile; fileRef = 9D1BC57822760A1A00552BC1 /* ThemeUD.swift */; };
		9D1BC57E2277F45F00552BC1 /* PDPickerStrings.swift in Sources */ = {isa = PBXBuildFile; fileRef = 9D1BC57D2277F45F00552BC1 /* PDPickerStrings.swift */; };
		9D1BC5802277F50D00552BC1 /* PatchDataShell.swift in Sources */ = {isa = PBXBuildFile; fileRef = 9D1BC57F2277F50D00552BC1 /* PatchDataShell.swift */; };
		9D3E4C7E22B5AEA400C82DAE /* EstrogenOvernightNotification.swift in Sources */ = {isa = PBXBuildFile; fileRef = 9D3E4C7D22B5AEA400C82DAE /* EstrogenOvernightNotification.swift */; };
		9D3E4C8022B5AFC500C82DAE /* PDNotification.swift in Sources */ = {isa = PBXBuildFile; fileRef = 9D3E4C7F22B5AFC500C82DAE /* PDNotification.swift */; };
		9D3E4C8222B5B47E00C82DAE /* PillNotification.swift in Sources */ = {isa = PBXBuildFile; fileRef = 9D3E4C8122B5B47E00C82DAE /* PillNotification.swift */; };
		9D43DB0A22639893008F56AE /* ThemeManager.swift in Sources */ = {isa = PBXBuildFile; fileRef = 9D43DB0922639893008F56AE /* ThemeManager.swift */; };
		9D7B0A79226CCB9B0089E1CD /* PDDefaultsBaseClass.swift in Sources */ = {isa = PBXBuildFile; fileRef = 9D7B0A78226CCB9B0089E1CD /* PDDefaultsBaseClass.swift */; };
		9DC0107221FE311A0024E7CE /* PatchDataSDK.swift in Sources */ = {isa = PBXBuildFile; fileRef = 9DC0107121FE311A0024E7CE /* PatchDataSDK.swift */; };
		9DC4175A22907DF100DD2CEF /* PDNavigationDelegate.swift in Sources */ = {isa = PBXBuildFile; fileRef = 9DC4175922907DF100DD2CEF /* PDNavigationDelegate.swift */; };
		9DD5C2F3227F4281009BAA25 /* PDTabViewDelegate.swift in Sources */ = {isa = PBXBuildFile; fileRef = 9DD5C2F2227F4281009BAA25 /* PDTabViewDelegate.swift */; };
		9DD5C2F5227F49BF009BAA25 /* PDTypes.swift in Sources */ = {isa = PBXBuildFile; fileRef = 9DD5C2F4227F49BF009BAA25 /* PDTypes.swift */; };
		9DD5C2F722810680009BAA25 /* PDValueHolding.swift in Sources */ = {isa = PBXBuildFile; fileRef = 9DD5C2F622810680009BAA25 /* PDValueHolding.swift */; };
		9DD5C2F922811164009BAA25 /* ModiiImageResizer.swift in Sources */ = {isa = PBXBuildFile; fileRef = 9DD5C2F822811164009BAA25 /* ModiiImageResizer.swift */; };
		9DD5C2FB228111F9009BAA25 /* PDSiteStrings.swift in Sources */ = {isa = PBXBuildFile; fileRef = 9DD5C2FA228111F9009BAA25 /* PDSiteStrings.swift */; };
		9DD5C2FD2286578D009BAA25 /* PDDefaultsBaseClassTests.swift in Sources */ = {isa = PBXBuildFile; fileRef = 9DD5C2FC2286578D009BAA25 /* PDDefaultsBaseClassTests.swift */; };
		9DDF13CF229CC5C2001E8A8A /* EstrogenNotification.swift in Sources */ = {isa = PBXBuildFile; fileRef = 9DDF13CE229CC5C2001E8A8A /* EstrogenNotification.swift */; };
		9DDF13D1229CC601001E8A8A /* PDNotifying.swift in Sources */ = {isa = PBXBuildFile; fileRef = 9DDF13D0229CC601001E8A8A /* PDNotifying.swift */; };
		9DDF13D4229CC9E7001E8A8A /* PDNotificationStrings.swift in Sources */ = {isa = PBXBuildFile; fileRef = 9DDF13D3229CC9E7001E8A8A /* PDNotificationStrings.swift */; };
		B405322221D4B1FE00AF9CAD /* PillScheduleTests.swift in Sources */ = {isa = PBXBuildFile; fileRef = B405322121D4B1FE00AF9CAD /* PillScheduleTests.swift */; };
		B405322521D4BACE00AF9CAD /* PillAttributes.swift in Sources */ = {isa = PBXBuildFile; fileRef = B40531BC21CD845800BD64CE /* PillAttributes.swift */; };
		B405322721D5F8DA00AF9CAD /* PDScheduling.swift in Sources */ = {isa = PBXBuildFile; fileRef = B405322621D5F8DA00AF9CAD /* PDScheduling.swift */; };
		B405322921D6F05900AF9CAD /* PDDefaultsTests.swift in Sources */ = {isa = PBXBuildFile; fileRef = B405322821D6F05900AF9CAD /* PDDefaultsTests.swift */; };
		B40CC9B221CCE614002364BB /* PDDateHelperTests.swift in Sources */ = {isa = PBXBuildFile; fileRef = B40CC9B121CCE614002364BB /* PDDateHelperTests.swift */; };
		B40CC9B421CCE614002364BB /* PDKit.framework in Frameworks */ = {isa = PBXBuildFile; fileRef = B49A4A3E20DB2D4C00F24FC0 /* PDKit.framework */; };
		B40CC9C021CD7DA9002364BB /* PatchData.swift in Sources */ = {isa = PBXBuildFile; fileRef = B40CC9BF21CD7DA9002364BB /* PatchData.swift */; };
		B40CC9C221CD802D002364BB /* PDSharedData.swift in Sources */ = {isa = PBXBuildFile; fileRef = B40CC9C121CD802D002364BB /* PDSharedData.swift */; };
		B42D16D220A74B4700F21AF4 /* SettingsAndSites.storyboard in Resources */ = {isa = PBXBuildFile; fileRef = B42D16D120A74B4700F21AF4 /* SettingsAndSites.storyboard */; };
		B42F5D1020D2D6F90032E39A /* SiteCell.swift in Sources */ = {isa = PBXBuildFile; fileRef = B42F5D0F20D2D6F90032E39A /* SiteCell.swift */; };
		B434B93E20FAEA45008F3CE1 /* TabBarExtension.swift in Sources */ = {isa = PBXBuildFile; fileRef = B434B93D20FAEA45008F3CE1 /* TabBarExtension.swift */; };
		B435182B20F5D72C00BD268C /* EstrogenCell.swift in Sources */ = {isa = PBXBuildFile; fileRef = B435182A20F5D72C00BD268C /* EstrogenCell.swift */; };
		B4355D9B20EE96B10048D466 /* MFBadgeButton.swift in Sources */ = {isa = PBXBuildFile; fileRef = B4355D9920EE968B0048D466 /* MFBadgeButton.swift */; };
		B440110C21DF2CBD00C94B76 /* patchData.xcdatamodeld in Sources */ = {isa = PBXBuildFile; fileRef = 13F0CC0A1EC2567A00653CB9 /* patchData.xcdatamodeld */; };
		B440110E21DF3E5D00C94B76 /* DateExtension.swift in Sources */ = {isa = PBXBuildFile; fileRef = B440110D21DF3E5D00C94B76 /* DateExtension.swift */; };
		B440111021DF3F2E00C94B76 /* DateExtensionTests.swift in Sources */ = {isa = PBXBuildFile; fileRef = B440110F21DF3F2E00C94B76 /* DateExtensionTests.swift */; };
		B440111321DF44DC00C94B76 /* Assets.xcassets in Resources */ = {isa = PBXBuildFile; fileRef = 137330F31E22BA3E0048F91E /* Assets.xcassets */; };
		B4454B0420DC56BE005CD2E3 /* PDImages.swift in Sources */ = {isa = PBXBuildFile; fileRef = 131F0B681EE3AAD700576200 /* PDImages.swift */; };
		B4454B0820E19A7E005CD2E3 /* PillCell.swift in Sources */ = {isa = PBXBuildFile; fileRef = B4454B0720E19A7E005CD2E3 /* PillCell.swift */; };
		B44611B420F740C300312DCD /* SiteImagePickerDelegate.swift in Sources */ = {isa = PBXBuildFile; fileRef = B44611B320F740C300312DCD /* SiteImagePickerDelegate.swift */; };
		B468414221DC815A00A0BE73 /* EstrogenScheduleTests.swift in Sources */ = {isa = PBXBuildFile; fileRef = B468414121DC815A00A0BE73 /* EstrogenScheduleTests.swift */; };
		B46AC63420CDA48400CF7B54 /* SitesVC.swift in Sources */ = {isa = PBXBuildFile; fileRef = B46AC63320CDA48400CF7B54 /* SitesVC.swift */; };
		B46AC63620CF1D6000CF7B54 /* SiteVC.swift in Sources */ = {isa = PBXBuildFile; fileRef = B46AC63520CF1D6000CF7B54 /* SiteVC.swift */; };
		B4700F1E21E571DF00C8EFB6 /* PDKit.framework in Frameworks */ = {isa = PBXBuildFile; fileRef = B49A4A3E20DB2D4C00F24FC0 /* PDKit.framework */; };
		B4700F1F21E5732800C8EFB6 /* PDKit.framework in Frameworks */ = {isa = PBXBuildFile; fileRef = B49A4A3E20DB2D4C00F24FC0 /* PDKit.framework */; };
		B4700F2121E57B5600C8EFB6 /* MOSiteTests.swift in Sources */ = {isa = PBXBuildFile; fileRef = B4700F2021E57B5600C8EFB6 /* MOSiteTests.swift */; };
		B4700F2421E5874600C8EFB6 /* MOPillTests.swift in Sources */ = {isa = PBXBuildFile; fileRef = B4700F2321E5874600C8EFB6 /* MOPillTests.swift */; };
		B4700F2621E5E97700C8EFB6 /* MOEstrogenTests.swift in Sources */ = {isa = PBXBuildFile; fileRef = B4700F2521E5E97700C8EFB6 /* MOEstrogenTests.swift */; };
		B480EE0721CC72DB002C2238 /* NotificationCenter.framework in Frameworks */ = {isa = PBXBuildFile; fileRef = B468F4A020D9BDBA007FC689 /* NotificationCenter.framework */; };
		B480EE0A21CC72DB002C2238 /* TodayViewController.swift in Sources */ = {isa = PBXBuildFile; fileRef = B480EE0921CC72DB002C2238 /* TodayViewController.swift */; };
		B480EE0D21CC72DB002C2238 /* MainInterface.storyboard in Resources */ = {isa = PBXBuildFile; fileRef = B480EE0B21CC72DB002C2238 /* MainInterface.storyboard */; };
		B480EE1121CC72DB002C2238 /* PatchDayToday.appex in Embed App Extensions */ = {isa = PBXBuildFile; fileRef = B480EE0621CC72DB002C2238 /* PatchDayToday.appex */; settings = {ATTRIBUTES = (RemoveHeadersOnCopy, ); }; };
		B480EE1621CC7328002C2238 /* PDTodayDataController.swift in Sources */ = {isa = PBXBuildFile; fileRef = B480EE1521CC7328002C2238 /* PDTodayDataController.swift */; };
		B480EE2521CC7554002C2238 /* PatchData.framework in Frameworks */ = {isa = PBXBuildFile; fileRef = B480EE1C21CC7553002C2238 /* PatchData.framework */; };
		B480EE2C21CC7554002C2238 /* SiteScheduleTests.swift in Sources */ = {isa = PBXBuildFile; fileRef = B480EE2B21CC7554002C2238 /* SiteScheduleTests.swift */; };
		B480EE2E21CC7554002C2238 /* PatchData.h in Headers */ = {isa = PBXBuildFile; fileRef = B480EE1E21CC7553002C2238 /* PatchData.h */; settings = {ATTRIBUTES = (Public, ); }; };
		B480EE3121CC7554002C2238 /* PatchData.framework in Frameworks */ = {isa = PBXBuildFile; fileRef = B480EE1C21CC7553002C2238 /* PatchData.framework */; };
		B480EE3221CC7554002C2238 /* PatchData.framework in Embed Frameworks */ = {isa = PBXBuildFile; fileRef = B480EE1C21CC7553002C2238 /* PatchData.framework */; settings = {ATTRIBUTES = (CodeSignOnCopy, RemoveHeadersOnCopy, ); }; };
		B480EE3C21CC75FB002C2238 /* PDSchedule.swift in Sources */ = {isa = PBXBuildFile; fileRef = 1335B9BA1EC7500D00DD7088 /* PDSchedule.swift */; };
		B480EE3E21CC75FE002C2238 /* EstrogenSchedule.swift in Sources */ = {isa = PBXBuildFile; fileRef = B4355D8D20ED24CF0048D466 /* EstrogenSchedule.swift */; };
		B480EE4021CC7602002C2238 /* SiteSchedule.swift in Sources */ = {isa = PBXBuildFile; fileRef = B4355D9120ED2E6A0048D466 /* SiteSchedule.swift */; };
		B480EE4721CC7B5E002C2238 /* PDState.swift in Sources */ = {isa = PBXBuildFile; fileRef = B463E1AA211640E90099DE36 /* PDState.swift */; };
		B480EE4921CC7CC4002C2238 /* PatchDataAlert.swift in Sources */ = {isa = PBXBuildFile; fileRef = B480EE4821CC7CC4002C2238 /* PatchDataAlert.swift */; };
		B480EE4A21CC7D76002C2238 /* PillSchedule.swift in Sources */ = {isa = PBXBuildFile; fileRef = B4355D8F20ED2C1A0048D466 /* PillSchedule.swift */; };
		B480EE4B21CC7E20002C2238 /* PDDefaults.swift in Sources */ = {isa = PBXBuildFile; fileRef = 13C746D01ED781DD00067A67 /* PDDefaults.swift */; };
		B49A4A5020DB2D4C00F24FC0 /* PDKit.h in Headers */ = {isa = PBXBuildFile; fileRef = B49A4A4020DB2D4C00F24FC0 /* PDKit.h */; settings = {ATTRIBUTES = (Public, ); }; };
		B49A4A5320DB2D4C00F24FC0 /* PDKit.framework in Frameworks */ = {isa = PBXBuildFile; fileRef = B49A4A3E20DB2D4C00F24FC0 /* PDKit.framework */; };
		B49A4A5420DB2D4C00F24FC0 /* PDKit.framework in Embed Frameworks */ = {isa = PBXBuildFile; fileRef = B49A4A3E20DB2D4C00F24FC0 /* PDKit.framework */; settings = {ATTRIBUTES = (CodeSignOnCopy, RemoveHeadersOnCopy, ); }; };
		B49A4A5B20DB2D5A00F24FC0 /* PDDateHelper.swift in Sources */ = {isa = PBXBuildFile; fileRef = B49A4A2F20DAE8A200F24FC0 /* PDDateHelper.swift */; };
		B49A4A5C20DB2D5A00F24FC0 /* PDPillHelper.swift in Sources */ = {isa = PBXBuildFile; fileRef = B49A4A2D20DAE14000F24FC0 /* PDPillHelper.swift */; };
		B49A4A5D20DB2D5A00F24FC0 /* PDColors.swift in Sources */ = {isa = PBXBuildFile; fileRef = 139754B41ED8EE27006C82B8 /* PDColors.swift */; };
		B49A4A5E20DB2D5A00F24FC0 /* PDStrings.swift in Sources */ = {isa = PBXBuildFile; fileRef = 1340A9E71EE4D4220003EFFA /* PDStrings.swift */; };
		B4AED52320E5659C00559165 /* PillVC.swift in Sources */ = {isa = PBXBuildFile; fileRef = B4AED52220E5659C00559165 /* PillVC.swift */; };
		B4C69F0A21E56CD7004EABC4 /* MOPill.swift in Sources */ = {isa = PBXBuildFile; fileRef = B4355D9320ED6F250048D466 /* MOPill.swift */; };
		B4C69F0B21E56CD7004EABC4 /* MOPillMethods.swift in Sources */ = {isa = PBXBuildFile; fileRef = B4355D9420ED6F250048D466 /* MOPillMethods.swift */; };
		B4C69F0C21E56CD7004EABC4 /* MOSite.swift in Sources */ = {isa = PBXBuildFile; fileRef = B458993B20F8822700D36B06 /* MOSite.swift */; };
		B4C69F0D21E56CD7004EABC4 /* MOSiteMethods.swift in Sources */ = {isa = PBXBuildFile; fileRef = B458993C20F8822700D36B06 /* MOSiteMethods.swift */; };
		B4C69F0E21E56CD7004EABC4 /* MOEstrogen.swift in Sources */ = {isa = PBXBuildFile; fileRef = B458994120F8865C00D36B06 /* MOEstrogen.swift */; };
		B4C69F0F21E56CD7004EABC4 /* MOEstrogenMethods.swift in Sources */ = {isa = PBXBuildFile; fileRef = B458994220F8865C00D36B06 /* MOEstrogenMethods.swift */; };
		B4E12EA321CFFDA40068AD2E /* PDPillHelperTests.swift in Sources */ = {isa = PBXBuildFile; fileRef = B4E12EA221CFFDA40068AD2E /* PDPillHelperTests.swift */; };
/* End PBXBuildFile section */

/* Begin PBXContainerItemProxy section */
		B40CC9B521CCE614002364BB /* PBXContainerItemProxy */ = {
			isa = PBXContainerItemProxy;
			containerPortal = 137330E11E22BA3E0048F91E /* Project object */;
			proxyType = 1;
			remoteGlobalIDString = B49A4A3D20DB2D4C00F24FC0;
			remoteInfo = PDKit;
		};
		B40CC9BA21CCEA73002364BB /* PBXContainerItemProxy */ = {
			isa = PBXContainerItemProxy;
			containerPortal = 137330E11E22BA3E0048F91E /* Project object */;
			proxyType = 1;
			remoteGlobalIDString = 137330E81E22BA3E0048F91E;
			remoteInfo = PatchDay;
		};
		B480EE0F21CC72DB002C2238 /* PBXContainerItemProxy */ = {
			isa = PBXContainerItemProxy;
			containerPortal = 137330E11E22BA3E0048F91E /* Project object */;
			proxyType = 1;
			remoteGlobalIDString = B480EE0521CC72DB002C2238;
			remoteInfo = PatchDayToday;
		};
		B480EE2621CC7554002C2238 /* PBXContainerItemProxy */ = {
			isa = PBXContainerItemProxy;
			containerPortal = 137330E11E22BA3E0048F91E /* Project object */;
			proxyType = 1;
			remoteGlobalIDString = B480EE1B21CC7553002C2238;
			remoteInfo = PatchData;
		};
		B480EE2821CC7554002C2238 /* PBXContainerItemProxy */ = {
			isa = PBXContainerItemProxy;
			containerPortal = 137330E11E22BA3E0048F91E /* Project object */;
			proxyType = 1;
			remoteGlobalIDString = 137330E81E22BA3E0048F91E;
			remoteInfo = PatchDay;
		};
		B480EE2F21CC7554002C2238 /* PBXContainerItemProxy */ = {
			isa = PBXContainerItemProxy;
			containerPortal = 137330E11E22BA3E0048F91E /* Project object */;
			proxyType = 1;
			remoteGlobalIDString = B480EE1B21CC7553002C2238;
			remoteInfo = PatchData;
		};
		B49A4A5120DB2D4C00F24FC0 /* PBXContainerItemProxy */ = {
			isa = PBXContainerItemProxy;
			containerPortal = 137330E11E22BA3E0048F91E /* Project object */;
			proxyType = 1;
			remoteGlobalIDString = B49A4A3D20DB2D4C00F24FC0;
			remoteInfo = PDKit;
		};
/* End PBXContainerItemProxy section */

/* Begin PBXCopyFilesBuildPhase section */
		13B00C061F1A8EC700548019 /* Embed Frameworks */ = {
			isa = PBXCopyFilesBuildPhase;
			buildActionMask = 2147483647;
			dstPath = "";
			dstSubfolderSpec = 10;
			files = (
				B49A4A5420DB2D4C00F24FC0 /* PDKit.framework in Embed Frameworks */,
				B480EE3221CC7554002C2238 /* PatchData.framework in Embed Frameworks */,
			);
			name = "Embed Frameworks";
			runOnlyForDeploymentPostprocessing = 0;
		};
		B468F4AF20D9BDBB007FC689 /* Embed App Extensions */ = {
			isa = PBXCopyFilesBuildPhase;
			buildActionMask = 2147483647;
			dstPath = "";
			dstSubfolderSpec = 13;
			files = (
				B480EE1121CC72DB002C2238 /* PatchDayToday.appex in Embed App Extensions */,
			);
			name = "Embed App Extensions";
			runOnlyForDeploymentPostprocessing = 0;
		};
/* End PBXCopyFilesBuildPhase section */

/* Begin PBXFileReference section */
		1301011F1FE5936E00AEFF7C /* PillsVC.swift */ = {isa = PBXFileReference; lastKnownFileType = sourcecode.swift; name = PillsVC.swift; path = Pills/PillsVC.swift; sourceTree = "<group>"; };
		131F0B681EE3AAD700576200 /* PDImages.swift */ = {isa = PBXFileReference; fileEncoding = 4; lastKnownFileType = sourcecode.swift; path = PDImages.swift; sourceTree = "<group>"; };
		1335B9BA1EC7500D00DD7088 /* PDSchedule.swift */ = {isa = PBXFileReference; fileEncoding = 4; lastKnownFileType = sourcecode.swift; path = PDSchedule.swift; sourceTree = "<group>"; };
		133EEBAE1EF2EB0200E64C4D /* SettingsVC.swift */ = {isa = PBXFileReference; fileEncoding = 4; lastKnownFileType = sourcecode.swift; name = SettingsVC.swift; path = Settings/SettingsVC.swift; sourceTree = "<group>"; };
		1340A9E71EE4D4220003EFFA /* PDStrings.swift */ = {isa = PBXFileReference; fileEncoding = 4; lastKnownFileType = sourcecode.swift; path = PDStrings.swift; sourceTree = "<group>"; };
		1340A9ED1EE771EC0003EFFA /* PDNotificationController.swift */ = {isa = PBXFileReference; fileEncoding = 4; lastKnownFileType = sourcecode.swift; path = PDNotificationController.swift; sourceTree = "<group>"; };
		137330E91E22BA3E0048F91E /* PatchDay.app */ = {isa = PBXFileReference; explicitFileType = wrapper.application; includeInIndex = 0; path = PatchDay.app; sourceTree = BUILT_PRODUCTS_DIR; };
		137330EC1E22BA3E0048F91E /* AppDelegate.swift */ = {isa = PBXFileReference; lastKnownFileType = sourcecode.swift; path = AppDelegate.swift; sourceTree = "<group>"; };
		137330F11E22BA3E0048F91E /* Base */ = {isa = PBXFileReference; lastKnownFileType = file.storyboard; name = Base; path = Base.lproj/Main.storyboard; sourceTree = "<group>"; };
		137330F31E22BA3E0048F91E /* Assets.xcassets */ = {isa = PBXFileReference; lastKnownFileType = folder.assetcatalog; path = Assets.xcassets; sourceTree = "<group>"; };
		137330F61E22BA3E0048F91E /* Base */ = {isa = PBXFileReference; lastKnownFileType = file.storyboard; name = Base; path = Base.lproj/LaunchScreen.storyboard; sourceTree = "<group>"; };
		137330F81E22BA3E0048F91E /* Info.plist */ = {isa = PBXFileReference; lastKnownFileType = text.plist.xml; path = Info.plist; sourceTree = "<group>"; };
		138426D31F4DDB31008C6E6D /* en */ = {isa = PBXFileReference; lastKnownFileType = text.plist.strings; name = en; path = en.lproj/Main.strings; sourceTree = "<group>"; };
		139754B41ED8EE27006C82B8 /* PDColors.swift */ = {isa = PBXFileReference; fileEncoding = 4; lastKnownFileType = sourcecode.swift; path = PDColors.swift; sourceTree = "<group>"; };
		139754BD1EDA8C4D006C82B8 /* EstrogensVC.swift */ = {isa = PBXFileReference; fileEncoding = 4; lastKnownFileType = sourcecode.swift; name = EstrogensVC.swift; path = ../Estrogens/EstrogensVC.swift; sourceTree = "<group>"; };
		13A7A4D61E4CCF0100594973 /* PatchDay.entitlements */ = {isa = PBXFileReference; lastKnownFileType = text.plist.entitlements; path = PatchDay.entitlements; sourceTree = "<group>"; };
		13C746D01ED781DD00067A67 /* PDDefaults.swift */ = {isa = PBXFileReference; fileEncoding = 4; lastKnownFileType = sourcecode.swift; path = PDDefaults.swift; sourceTree = "<group>"; };
		13E0BB5C1EF8E5D900939D37 /* PDAlertController.swift */ = {isa = PBXFileReference; fileEncoding = 4; lastKnownFileType = sourcecode.swift; name = PDAlertController.swift; path = ../Shared/PDAlertController.swift; sourceTree = "<group>"; };
		13E980D71EDFA54B0062B144 /* EstrogenVC.swift */ = {isa = PBXFileReference; fileEncoding = 4; lastKnownFileType = sourcecode.swift; name = EstrogenVC.swift; path = ../Estrogens/EstrogenVC.swift; sourceTree = "<group>"; };
		13F0CC0B1EC2567A00653CB9 /* patchData.xcdatamodel */ = {isa = PBXFileReference; lastKnownFileType = wrapper.xcdatamodel; path = patchData.xcdatamodel; sourceTree = "<group>"; };
		9D1BC5662275F3E700552BC1 /* PDKeyStorable.swift */ = {isa = PBXFileReference; lastKnownFileType = sourcecode.swift; path = PDKeyStorable.swift; sourceTree = "<group>"; };
		9D1BC5682275FAB500552BC1 /* DeliveryMethodUD.swift */ = {isa = PBXFileReference; lastKnownFileType = sourcecode.swift; path = DeliveryMethodUD.swift; sourceTree = "<group>"; };
		9D1BC56C2275FC3E00552BC1 /* QuantityUD.swift */ = {isa = PBXFileReference; lastKnownFileType = sourcecode.swift; path = QuantityUD.swift; sourceTree = "<group>"; };
		9D1BC56E2275FD6200552BC1 /* ExpirationIntervalUD.swift */ = {isa = PBXFileReference; lastKnownFileType = sourcecode.swift; path = ExpirationIntervalUD.swift; sourceTree = "<group>"; };
		9D1BC570227608FF00552BC1 /* NotificationsUD.swift */ = {isa = PBXFileReference; lastKnownFileType = sourcecode.swift; path = NotificationsUD.swift; sourceTree = "<group>"; };
		9D1BC5722276093F00552BC1 /* NotificationsMinutesBefore.swift */ = {isa = PBXFileReference; lastKnownFileType = sourcecode.swift; path = NotificationsMinutesBefore.swift; sourceTree = "<group>"; };
		9D1BC5742276098C00552BC1 /* MentionedDisclaimerUD.swift */ = {isa = PBXFileReference; lastKnownFileType = sourcecode.swift; path = MentionedDisclaimerUD.swift; sourceTree = "<group>"; };
		9D1BC576227609E800552BC1 /* SiteIndexUD.swift */ = {isa = PBXFileReference; lastKnownFileType = sourcecode.swift; path = SiteIndexUD.swift; sourceTree = "<group>"; };
		9D1BC57822760A1A00552BC1 /* ThemeUD.swift */ = {isa = PBXFileReference; lastKnownFileType = sourcecode.swift; path = ThemeUD.swift; sourceTree = "<group>"; };
		9D1BC57D2277F45F00552BC1 /* PDPickerStrings.swift */ = {isa = PBXFileReference; lastKnownFileType = sourcecode.swift; path = PDPickerStrings.swift; sourceTree = "<group>"; };
		9D1BC57F2277F50D00552BC1 /* PatchDataShell.swift */ = {isa = PBXFileReference; lastKnownFileType = sourcecode.swift; path = PatchDataShell.swift; sourceTree = "<group>"; };
		9D3E4C7D22B5AEA400C82DAE /* EstrogenOvernightNotification.swift */ = {isa = PBXFileReference; lastKnownFileType = sourcecode.swift; path = EstrogenOvernightNotification.swift; sourceTree = "<group>"; };
		9D3E4C7F22B5AFC500C82DAE /* PDNotification.swift */ = {isa = PBXFileReference; lastKnownFileType = sourcecode.swift; path = PDNotification.swift; sourceTree = "<group>"; };
		9D3E4C8122B5B47E00C82DAE /* PillNotification.swift */ = {isa = PBXFileReference; lastKnownFileType = sourcecode.swift; path = PillNotification.swift; sourceTree = "<group>"; };
		9D43DB0922639893008F56AE /* ThemeManager.swift */ = {isa = PBXFileReference; lastKnownFileType = sourcecode.swift; path = ThemeManager.swift; sourceTree = "<group>"; };
		9D7B0A78226CCB9B0089E1CD /* PDDefaultsBaseClass.swift */ = {isa = PBXFileReference; lastKnownFileType = sourcecode.swift; path = PDDefaultsBaseClass.swift; sourceTree = "<group>"; };
		9DC0107121FE311A0024E7CE /* PatchDataSDK.swift */ = {isa = PBXFileReference; lastKnownFileType = sourcecode.swift; path = PatchDataSDK.swift; sourceTree = "<group>"; };
		9DC0107321FE64040024E7CE /* PatchDayToday.entitlements */ = {isa = PBXFileReference; lastKnownFileType = text.plist.entitlements; path = PatchDayToday.entitlements; sourceTree = "<group>"; };
		9DC4175922907DF100DD2CEF /* PDNavigationDelegate.swift */ = {isa = PBXFileReference; lastKnownFileType = sourcecode.swift; path = PDNavigationDelegate.swift; sourceTree = "<group>"; };
		9DD5C2F2227F4281009BAA25 /* PDTabViewDelegate.swift */ = {isa = PBXFileReference; lastKnownFileType = sourcecode.swift; path = PDTabViewDelegate.swift; sourceTree = "<group>"; };
		9DD5C2F4227F49BF009BAA25 /* PDTypes.swift */ = {isa = PBXFileReference; lastKnownFileType = sourcecode.swift; path = PDTypes.swift; sourceTree = "<group>"; };
		9DD5C2F622810680009BAA25 /* PDValueHolding.swift */ = {isa = PBXFileReference; lastKnownFileType = sourcecode.swift; path = PDValueHolding.swift; sourceTree = "<group>"; };
		9DD5C2F822811164009BAA25 /* ModiiImageResizer.swift */ = {isa = PBXFileReference; lastKnownFileType = sourcecode.swift; path = ModiiImageResizer.swift; sourceTree = "<group>"; };
		9DD5C2FA228111F9009BAA25 /* PDSiteStrings.swift */ = {isa = PBXFileReference; lastKnownFileType = sourcecode.swift; path = PDSiteStrings.swift; sourceTree = "<group>"; };
		9DD5C2FC2286578D009BAA25 /* PDDefaultsBaseClassTests.swift */ = {isa = PBXFileReference; lastKnownFileType = sourcecode.swift; path = PDDefaultsBaseClassTests.swift; sourceTree = "<group>"; };
		9DDF13CE229CC5C2001E8A8A /* EstrogenNotification.swift */ = {isa = PBXFileReference; lastKnownFileType = sourcecode.swift; path = EstrogenNotification.swift; sourceTree = "<group>"; };
		9DDF13D0229CC601001E8A8A /* PDNotifying.swift */ = {isa = PBXFileReference; lastKnownFileType = sourcecode.swift; path = PDNotifying.swift; sourceTree = "<group>"; };
		9DDF13D3229CC9E7001E8A8A /* PDNotificationStrings.swift */ = {isa = PBXFileReference; lastKnownFileType = sourcecode.swift; path = PDNotificationStrings.swift; sourceTree = "<group>"; };
		B40531BC21CD845800BD64CE /* PillAttributes.swift */ = {isa = PBXFileReference; lastKnownFileType = sourcecode.swift; path = PillAttributes.swift; sourceTree = "<group>"; };
		B405322121D4B1FE00AF9CAD /* PillScheduleTests.swift */ = {isa = PBXFileReference; lastKnownFileType = sourcecode.swift; path = PillScheduleTests.swift; sourceTree = "<group>"; };
		B405322621D5F8DA00AF9CAD /* PDScheduling.swift */ = {isa = PBXFileReference; lastKnownFileType = sourcecode.swift; path = PDScheduling.swift; sourceTree = "<group>"; };
		B405322821D6F05900AF9CAD /* PDDefaultsTests.swift */ = {isa = PBXFileReference; lastKnownFileType = sourcecode.swift; path = PDDefaultsTests.swift; sourceTree = "<group>"; };
		B40CC9AF21CCE614002364BB /* PDKitTests.xctest */ = {isa = PBXFileReference; explicitFileType = wrapper.cfbundle; includeInIndex = 0; path = PDKitTests.xctest; sourceTree = BUILT_PRODUCTS_DIR; };
		B40CC9B121CCE614002364BB /* PDDateHelperTests.swift */ = {isa = PBXFileReference; lastKnownFileType = sourcecode.swift; path = PDDateHelperTests.swift; sourceTree = "<group>"; };
		B40CC9B321CCE614002364BB /* Info.plist */ = {isa = PBXFileReference; lastKnownFileType = text.plist.xml; path = Info.plist; sourceTree = "<group>"; };
		B40CC9BF21CD7DA9002364BB /* PatchData.swift */ = {isa = PBXFileReference; lastKnownFileType = sourcecode.swift; path = PatchData.swift; sourceTree = "<group>"; };
		B40CC9C121CD802D002364BB /* PDSharedData.swift */ = {isa = PBXFileReference; lastKnownFileType = sourcecode.swift; path = PDSharedData.swift; sourceTree = "<group>"; };
		B42D16D120A74B4700F21AF4 /* SettingsAndSites.storyboard */ = {isa = PBXFileReference; lastKnownFileType = file.storyboard; name = SettingsAndSites.storyboard; path = Settings/SettingsAndSites.storyboard; sourceTree = "<group>"; };
		B42F5D0F20D2D6F90032E39A /* SiteCell.swift */ = {isa = PBXFileReference; lastKnownFileType = sourcecode.swift; name = SiteCell.swift; path = Sites/SiteCell.swift; sourceTree = "<group>"; };
		B434B93D20FAEA45008F3CE1 /* TabBarExtension.swift */ = {isa = PBXFileReference; lastKnownFileType = sourcecode.swift; name = TabBarExtension.swift; path = ../Shared/TabBarExtension.swift; sourceTree = "<group>"; };
		B435182A20F5D72C00BD268C /* EstrogenCell.swift */ = {isa = PBXFileReference; lastKnownFileType = sourcecode.swift; path = EstrogenCell.swift; sourceTree = "<group>"; };
		B4355D8D20ED24CF0048D466 /* EstrogenSchedule.swift */ = {isa = PBXFileReference; lastKnownFileType = sourcecode.swift; path = EstrogenSchedule.swift; sourceTree = "<group>"; };
		B4355D8F20ED2C1A0048D466 /* PillSchedule.swift */ = {isa = PBXFileReference; lastKnownFileType = sourcecode.swift; path = PillSchedule.swift; sourceTree = "<group>"; };
		B4355D9120ED2E6A0048D466 /* SiteSchedule.swift */ = {isa = PBXFileReference; lastKnownFileType = sourcecode.swift; path = SiteSchedule.swift; sourceTree = "<group>"; };
		B4355D9320ED6F250048D466 /* MOPill.swift */ = {isa = PBXFileReference; lastKnownFileType = sourcecode.swift; path = MOPill.swift; sourceTree = "<group>"; };
		B4355D9420ED6F250048D466 /* MOPillMethods.swift */ = {isa = PBXFileReference; lastKnownFileType = sourcecode.swift; path = MOPillMethods.swift; sourceTree = "<group>"; };
		B4355D9920EE968B0048D466 /* MFBadgeButton.swift */ = {isa = PBXFileReference; lastKnownFileType = sourcecode.swift; name = MFBadgeButton.swift; path = ../Shared/MFBadgeButton.swift; sourceTree = "<group>"; };
		B440110D21DF3E5D00C94B76 /* DateExtension.swift */ = {isa = PBXFileReference; lastKnownFileType = sourcecode.swift; path = DateExtension.swift; sourceTree = "<group>"; };
		B440110F21DF3F2E00C94B76 /* DateExtensionTests.swift */ = {isa = PBXFileReference; lastKnownFileType = sourcecode.swift; path = DateExtensionTests.swift; sourceTree = "<group>"; };
		B4454B0720E19A7E005CD2E3 /* PillCell.swift */ = {isa = PBXFileReference; lastKnownFileType = sourcecode.swift; name = PillCell.swift; path = Pills/PillCell.swift; sourceTree = "<group>"; };
		B44611B320F740C300312DCD /* SiteImagePickerDelegate.swift */ = {isa = PBXFileReference; lastKnownFileType = sourcecode.swift; name = SiteImagePickerDelegate.swift; path = Sites/SiteImagePickerDelegate.swift; sourceTree = "<group>"; };
		B458993B20F8822700D36B06 /* MOSite.swift */ = {isa = PBXFileReference; lastKnownFileType = sourcecode.swift; path = MOSite.swift; sourceTree = "<group>"; };
		B458993C20F8822700D36B06 /* MOSiteMethods.swift */ = {isa = PBXFileReference; lastKnownFileType = sourcecode.swift; path = MOSiteMethods.swift; sourceTree = "<group>"; };
		B458994120F8865C00D36B06 /* MOEstrogen.swift */ = {isa = PBXFileReference; lastKnownFileType = sourcecode.swift; path = MOEstrogen.swift; sourceTree = "<group>"; };
		B458994220F8865C00D36B06 /* MOEstrogenMethods.swift */ = {isa = PBXFileReference; lastKnownFileType = sourcecode.swift; path = MOEstrogenMethods.swift; sourceTree = "<group>"; };
		B463E1AA211640E90099DE36 /* PDState.swift */ = {isa = PBXFileReference; lastKnownFileType = sourcecode.swift; path = PDState.swift; sourceTree = "<group>"; };
		B468414121DC815A00A0BE73 /* EstrogenScheduleTests.swift */ = {isa = PBXFileReference; lastKnownFileType = sourcecode.swift; path = EstrogenScheduleTests.swift; sourceTree = "<group>"; };
		B468F4A020D9BDBA007FC689 /* NotificationCenter.framework */ = {isa = PBXFileReference; lastKnownFileType = wrapper.framework; name = NotificationCenter.framework; path = System/Library/Frameworks/NotificationCenter.framework; sourceTree = SDKROOT; };
		B46AC63320CDA48400CF7B54 /* SitesVC.swift */ = {isa = PBXFileReference; lastKnownFileType = sourcecode.swift; name = SitesVC.swift; path = Sites/SitesVC.swift; sourceTree = "<group>"; };
		B46AC63520CF1D6000CF7B54 /* SiteVC.swift */ = {isa = PBXFileReference; lastKnownFileType = sourcecode.swift; name = SiteVC.swift; path = Sites/SiteVC.swift; sourceTree = "<group>"; };
		B4700F2021E57B5600C8EFB6 /* MOSiteTests.swift */ = {isa = PBXFileReference; lastKnownFileType = sourcecode.swift; path = MOSiteTests.swift; sourceTree = "<group>"; };
		B4700F2321E5874600C8EFB6 /* MOPillTests.swift */ = {isa = PBXFileReference; lastKnownFileType = sourcecode.swift; path = MOPillTests.swift; sourceTree = "<group>"; };
		B4700F2521E5E97700C8EFB6 /* MOEstrogenTests.swift */ = {isa = PBXFileReference; lastKnownFileType = sourcecode.swift; path = MOEstrogenTests.swift; sourceTree = "<group>"; };
		B480EE0621CC72DB002C2238 /* PatchDayToday.appex */ = {isa = PBXFileReference; explicitFileType = "wrapper.app-extension"; includeInIndex = 0; path = PatchDayToday.appex; sourceTree = BUILT_PRODUCTS_DIR; };
		B480EE0921CC72DB002C2238 /* TodayViewController.swift */ = {isa = PBXFileReference; lastKnownFileType = sourcecode.swift; path = TodayViewController.swift; sourceTree = "<group>"; };
		B480EE0C21CC72DB002C2238 /* Base */ = {isa = PBXFileReference; lastKnownFileType = file.storyboard; name = Base; path = Base.lproj/MainInterface.storyboard; sourceTree = "<group>"; };
		B480EE0E21CC72DB002C2238 /* Info.plist */ = {isa = PBXFileReference; lastKnownFileType = text.plist.xml; path = Info.plist; sourceTree = "<group>"; };
		B480EE1521CC7328002C2238 /* PDTodayDataController.swift */ = {isa = PBXFileReference; lastKnownFileType = sourcecode.swift; path = PDTodayDataController.swift; sourceTree = "<group>"; };
		B480EE1C21CC7553002C2238 /* PatchData.framework */ = {isa = PBXFileReference; explicitFileType = wrapper.framework; includeInIndex = 0; path = PatchData.framework; sourceTree = BUILT_PRODUCTS_DIR; };
		B480EE1E21CC7553002C2238 /* PatchData.h */ = {isa = PBXFileReference; lastKnownFileType = sourcecode.c.h; path = PatchData.h; sourceTree = "<group>"; };
		B480EE1F21CC7553002C2238 /* Info.plist */ = {isa = PBXFileReference; lastKnownFileType = text.plist.xml; path = Info.plist; sourceTree = "<group>"; };
		B480EE2421CC7554002C2238 /* PatchDataTests.xctest */ = {isa = PBXFileReference; explicitFileType = wrapper.cfbundle; includeInIndex = 0; path = PatchDataTests.xctest; sourceTree = BUILT_PRODUCTS_DIR; };
		B480EE2B21CC7554002C2238 /* SiteScheduleTests.swift */ = {isa = PBXFileReference; lastKnownFileType = sourcecode.swift; path = SiteScheduleTests.swift; sourceTree = "<group>"; };
		B480EE2D21CC7554002C2238 /* Info.plist */ = {isa = PBXFileReference; lastKnownFileType = text.plist.xml; path = Info.plist; sourceTree = "<group>"; };
		B480EE4821CC7CC4002C2238 /* PatchDataAlert.swift */ = {isa = PBXFileReference; lastKnownFileType = sourcecode.swift; path = PatchDataAlert.swift; sourceTree = "<group>"; };
		B49A4A2D20DAE14000F24FC0 /* PDPillHelper.swift */ = {isa = PBXFileReference; lastKnownFileType = sourcecode.swift; path = PDPillHelper.swift; sourceTree = "<group>"; };
		B49A4A2F20DAE8A200F24FC0 /* PDDateHelper.swift */ = {isa = PBXFileReference; lastKnownFileType = sourcecode.swift; path = PDDateHelper.swift; sourceTree = "<group>"; };
		B49A4A3E20DB2D4C00F24FC0 /* PDKit.framework */ = {isa = PBXFileReference; explicitFileType = wrapper.framework; includeInIndex = 0; path = PDKit.framework; sourceTree = BUILT_PRODUCTS_DIR; };
		B49A4A4020DB2D4C00F24FC0 /* PDKit.h */ = {isa = PBXFileReference; lastKnownFileType = sourcecode.c.h; path = PDKit.h; sourceTree = "<group>"; };
		B49A4A4120DB2D4C00F24FC0 /* Info.plist */ = {isa = PBXFileReference; lastKnownFileType = text.plist.xml; path = Info.plist; sourceTree = "<group>"; };
		B4AED52220E5659C00559165 /* PillVC.swift */ = {isa = PBXFileReference; lastKnownFileType = sourcecode.swift; name = PillVC.swift; path = Pills/PillVC.swift; sourceTree = "<group>"; };
		B4E12EA221CFFDA40068AD2E /* PDPillHelperTests.swift */ = {isa = PBXFileReference; lastKnownFileType = sourcecode.swift; path = PDPillHelperTests.swift; sourceTree = "<group>"; };
/* End PBXFileReference section */

/* Begin PBXFrameworksBuildPhase section */
		137330E61E22BA3E0048F91E /* Frameworks */ = {
			isa = PBXFrameworksBuildPhase;
			buildActionMask = 2147483647;
			files = (
				B49A4A5320DB2D4C00F24FC0 /* PDKit.framework in Frameworks */,
				B480EE3121CC7554002C2238 /* PatchData.framework in Frameworks */,
			);
			runOnlyForDeploymentPostprocessing = 0;
		};
		B40CC9AC21CCE614002364BB /* Frameworks */ = {
			isa = PBXFrameworksBuildPhase;
			buildActionMask = 2147483647;
			files = (
				B40CC9B421CCE614002364BB /* PDKit.framework in Frameworks */,
			);
			runOnlyForDeploymentPostprocessing = 0;
		};
		B480EE0321CC72DB002C2238 /* Frameworks */ = {
			isa = PBXFrameworksBuildPhase;
			buildActionMask = 2147483647;
			files = (
				B4700F1F21E5732800C8EFB6 /* PDKit.framework in Frameworks */,
				B480EE0721CC72DB002C2238 /* NotificationCenter.framework in Frameworks */,
			);
			runOnlyForDeploymentPostprocessing = 0;
		};
		B480EE1921CC7553002C2238 /* Frameworks */ = {
			isa = PBXFrameworksBuildPhase;
			buildActionMask = 2147483647;
			files = (
				B4700F1E21E571DF00C8EFB6 /* PDKit.framework in Frameworks */,
			);
			runOnlyForDeploymentPostprocessing = 0;
		};
		B480EE2121CC7554002C2238 /* Frameworks */ = {
			isa = PBXFrameworksBuildPhase;
			buildActionMask = 2147483647;
			files = (
				B480EE2521CC7554002C2238 /* PatchData.framework in Frameworks */,
			);
			runOnlyForDeploymentPostprocessing = 0;
		};
		B49A4A3A20DB2D4C00F24FC0 /* Frameworks */ = {
			isa = PBXFrameworksBuildPhase;
			buildActionMask = 2147483647;
			files = (
			);
			runOnlyForDeploymentPostprocessing = 0;
		};
/* End PBXFrameworksBuildPhase section */

/* Begin PBXGroup section */
		137330E01E22BA3E0048F91E = {
			isa = PBXGroup;
			children = (
				137330EB1E22BA3E0048F91E /* PatchDay */,
				B49A4A3F20DB2D4C00F24FC0 /* PDKit */,
				B40CC9B021CCE614002364BB /* PDKitTests */,
				B480EE0821CC72DB002C2238 /* PatchDayToday */,
				B480EE1D21CC7553002C2238 /* PatchData */,
				B480EE2A21CC7554002C2238 /* PatchDataTests */,
				B468F49F20D9BDBA007FC689 /* Frameworks */,
				137330EA1E22BA3E0048F91E /* Products */,
			);
			sourceTree = "<group>";
		};
		137330EA1E22BA3E0048F91E /* Products */ = {
			isa = PBXGroup;
			children = (
				137330E91E22BA3E0048F91E /* PatchDay.app */,
				B49A4A3E20DB2D4C00F24FC0 /* PDKit.framework */,
				B480EE0621CC72DB002C2238 /* PatchDayToday.appex */,
				B480EE1C21CC7553002C2238 /* PatchData.framework */,
				B480EE2421CC7554002C2238 /* PatchDataTests.xctest */,
				B40CC9AF21CCE614002364BB /* PDKitTests.xctest */,
			);
			name = Products;
			sourceTree = "<group>";
		};
		137330EB1E22BA3E0048F91E /* PatchDay */ = {
			isa = PBXGroup;
			children = (
				9DDF13D2229CC60A001E8A8A /* Notifications */,
				9D0177F92251983C00A24E48 /* Storyboards */,
				137330F31E22BA3E0048F91E /* Assets.xcassets */,
				13A7A4D61E4CCF0100594973 /* PatchDay.entitlements */,
				137330EC1E22BA3E0048F91E /* AppDelegate.swift */,
				9D43DB0922639893008F56AE /* ThemeManager.swift */,
				131F0B681EE3AAD700576200 /* PDImages.swift */,
				9DD5C2F2227F4281009BAA25 /* PDTabViewDelegate.swift */,
				B480EE4221CC79DD002C2238 /* Shared */,
				B480EE4321CC79FA002C2238 /* Settings */,
				B480EE4521CC7A09002C2238 /* Estrogens */,
				B480EE4421CC7A04002C2238 /* Pills */,
				B480EE4621CC7A15002C2238 /* Sites */,
				137330F51E22BA3E0048F91E /* LaunchScreen.storyboard */,
				137330F81E22BA3E0048F91E /* Info.plist */,
				9DC4175922907DF100DD2CEF /* PDNavigationDelegate.swift */,
			);
			path = PatchDay;
			sourceTree = "<group>";
		};
		138A65611F198B4D0068A972 /* Schedules */ = {
			isa = PBXGroup;
			children = (
				1335B9BA1EC7500D00DD7088 /* PDSchedule.swift */,
				B405322621D5F8DA00AF9CAD /* PDScheduling.swift */,
				B4355D8D20ED24CF0048D466 /* EstrogenSchedule.swift */,
				B4355D8F20ED2C1A0048D466 /* PillSchedule.swift */,
				B4355D9120ED2E6A0048D466 /* SiteSchedule.swift */,
			);
			path = Schedules;
			sourceTree = "<group>";
		};
		9D0177F92251983C00A24E48 /* Storyboards */ = {
			isa = PBXGroup;
			children = (
				137330F01E22BA3E0048F91E /* Main.storyboard */,
				B42D16D120A74B4700F21AF4 /* SettingsAndSites.storyboard */,
			);
			name = Storyboards;
			sourceTree = "<group>";
		};
		9D1BC56A2275FAC800552BC1 /* PDKeyStore */ = {
			isa = PBXGroup;
			children = (
				9D1BC56B2275FC1000552BC1 /* KeyStorables */,
				9D7B0A78226CCB9B0089E1CD /* PDDefaultsBaseClass.swift */,
				13C746D01ED781DD00067A67 /* PDDefaults.swift */,
				9D1BC5662275F3E700552BC1 /* PDKeyStorable.swift */,
				9DD5C2F622810680009BAA25 /* PDValueHolding.swift */,
			);
			path = PDKeyStore;
			sourceTree = "<group>";
		};
		9D1BC56B2275FC1000552BC1 /* KeyStorables */ = {
			isa = PBXGroup;
			children = (
				9D1BC5682275FAB500552BC1 /* DeliveryMethodUD.swift */,
				9D1BC56C2275FC3E00552BC1 /* QuantityUD.swift */,
				9D1BC56E2275FD6200552BC1 /* ExpirationIntervalUD.swift */,
				9D1BC570227608FF00552BC1 /* NotificationsUD.swift */,
				9D1BC5722276093F00552BC1 /* NotificationsMinutesBefore.swift */,
				9D1BC5742276098C00552BC1 /* MentionedDisclaimerUD.swift */,
				9D1BC576227609E800552BC1 /* SiteIndexUD.swift */,
				9D1BC57822760A1A00552BC1 /* ThemeUD.swift */,
			);
			path = KeyStorables;
			sourceTree = "<group>";
		};
		9DDF13D2229CC60A001E8A8A /* Notifications */ = {
			isa = PBXGroup;
			children = (
				9DDF13D0229CC601001E8A8A /* PDNotifying.swift */,
				9DDF13CE229CC5C2001E8A8A /* EstrogenNotification.swift */,
				1340A9ED1EE771EC0003EFFA /* PDNotificationController.swift */,
				9DDF13D3229CC9E7001E8A8A /* PDNotificationStrings.swift */,
				9D3E4C7D22B5AEA400C82DAE /* EstrogenOvernightNotification.swift */,
				9D3E4C7F22B5AFC500C82DAE /* PDNotification.swift */,
				9D3E4C8122B5B47E00C82DAE /* PillNotification.swift */,
			);
			name = Notifications;
			sourceTree = "<group>";
		};
		B40CC9A721CCE4AE002364BB /* Resources */ = {
			isa = PBXGroup;
			children = (
				139754B41ED8EE27006C82B8 /* PDColors.swift */,
				1340A9E71EE4D4220003EFFA /* PDStrings.swift */,
				9D1BC57D2277F45F00552BC1 /* PDPickerStrings.swift */,
				9DD5C2FA228111F9009BAA25 /* PDSiteStrings.swift */,
			);
			path = Resources;
			sourceTree = "<group>";
		};
		B40CC9A821CCE4BE002364BB /* Helpers */ = {
			isa = PBXGroup;
			children = (
				B49A4A2F20DAE8A200F24FC0 /* PDDateHelper.swift */,
				B440110D21DF3E5D00C94B76 /* DateExtension.swift */,
				B49A4A2D20DAE14000F24FC0 /* PDPillHelper.swift */,
			);
			path = Helpers;
			sourceTree = "<group>";
		};
		B40CC9B021CCE614002364BB /* PDKitTests */ = {
			isa = PBXGroup;
			children = (
				B40CC9BC21CD5C53002364BB /* Helpers */,
				B40CC9B321CCE614002364BB /* Info.plist */,
			);
			path = PDKitTests;
			sourceTree = "<group>";
		};
		B40CC9BC21CD5C53002364BB /* Helpers */ = {
			isa = PBXGroup;
			children = (
				B40CC9B121CCE614002364BB /* PDDateHelperTests.swift */,
				B440110F21DF3F2E00C94B76 /* DateExtensionTests.swift */,
				B4E12EA221CFFDA40068AD2E /* PDPillHelperTests.swift */,
			);
			path = Helpers;
			sourceTree = "<group>";
		};
		B468F49F20D9BDBA007FC689 /* Frameworks */ = {
			isa = PBXGroup;
			children = (
				B468F4A020D9BDBA007FC689 /* NotificationCenter.framework */,
			);
			name = Frameworks;
			sourceTree = "<group>";
		};
		B4700F2221E57B5E00C8EFB6 /* ManagedObjects */ = {
			isa = PBXGroup;
			children = (
				B4700F2021E57B5600C8EFB6 /* MOSiteTests.swift */,
				B4700F2521E5E97700C8EFB6 /* MOEstrogenTests.swift */,
				B4700F2321E5874600C8EFB6 /* MOPillTests.swift */,
			);
			path = ManagedObjects;
			sourceTree = "<group>";
		};
		B480EE0821CC72DB002C2238 /* PatchDayToday */ = {
			isa = PBXGroup;
			children = (
				9DC0107321FE64040024E7CE /* PatchDayToday.entitlements */,
				B480EE0921CC72DB002C2238 /* TodayViewController.swift */,
				B480EE1521CC7328002C2238 /* PDTodayDataController.swift */,
				B480EE0B21CC72DB002C2238 /* MainInterface.storyboard */,
				B480EE0E21CC72DB002C2238 /* Info.plist */,
			);
			path = PatchDayToday;
			sourceTree = "<group>";
		};
		B480EE1D21CC7553002C2238 /* PatchData */ = {
			isa = PBXGroup;
			children = (
				9DC0107121FE311A0024E7CE /* PatchDataSDK.swift */,
				B480EE4C21CC7E34002C2238 /* Shared */,
				B480EE4121CC76FE002C2238 /* ManagedObjects */,
				138A65611F198B4D0068A972 /* Schedules */,
				13F0CC0A1EC2567A00653CB9 /* patchData.xcdatamodeld */,
				B480EE1E21CC7553002C2238 /* PatchData.h */,
				B480EE1F21CC7553002C2238 /* Info.plist */,
				9D1BC56A2275FAC800552BC1 /* PDKeyStore */,
			);
			path = PatchData;
			sourceTree = "<group>";
		};
		B480EE2A21CC7554002C2238 /* PatchDataTests */ = {
			isa = PBXGroup;
			children = (
				B4E12EA421D018E80068AD2E /* Schedules */,
				B480EE2D21CC7554002C2238 /* Info.plist */,
				B405322821D6F05900AF9CAD /* PDDefaultsTests.swift */,
				B4700F2221E57B5E00C8EFB6 /* ManagedObjects */,
				9DD5C2FC2286578D009BAA25 /* PDDefaultsBaseClassTests.swift */,
			);
			path = PatchDataTests;
			sourceTree = "<group>";
		};
		B480EE4121CC76FE002C2238 /* ManagedObjects */ = {
			isa = PBXGroup;
			children = (
				B4355D9320ED6F250048D466 /* MOPill.swift */,
				B4355D9420ED6F250048D466 /* MOPillMethods.swift */,
				B458993B20F8822700D36B06 /* MOSite.swift */,
				B458993C20F8822700D36B06 /* MOSiteMethods.swift */,
				B458994120F8865C00D36B06 /* MOEstrogen.swift */,
				B458994220F8865C00D36B06 /* MOEstrogenMethods.swift */,
			);
			path = ManagedObjects;
			sourceTree = "<group>";
		};
		B480EE4221CC79DD002C2238 /* Shared */ = {
			isa = PBXGroup;
			children = (
				9D1BC57F2277F50D00552BC1 /* PatchDataShell.swift */,
				B4355D9920EE968B0048D466 /* MFBadgeButton.swift */,
				13E0BB5C1EF8E5D900939D37 /* PDAlertController.swift */,
				B434B93D20FAEA45008F3CE1 /* TabBarExtension.swift */,
				9DD5C2F822811164009BAA25 /* ModiiImageResizer.swift */,
			);
			path = Shared;
			sourceTree = "<group>";
		};
		B480EE4321CC79FA002C2238 /* Settings */ = {
			isa = PBXGroup;
			children = (
				133EEBAE1EF2EB0200E64C4D /* SettingsVC.swift */,
			);
			name = Settings;
			sourceTree = "<group>";
		};
		B480EE4421CC7A04002C2238 /* Pills */ = {
			isa = PBXGroup;
			children = (
				1301011F1FE5936E00AEFF7C /* PillsVC.swift */,
				B4AED52220E5659C00559165 /* PillVC.swift */,
				B4454B0720E19A7E005CD2E3 /* PillCell.swift */,
			);
			name = Pills;
			sourceTree = "<group>";
		};
		B480EE4521CC7A09002C2238 /* Estrogens */ = {
			isa = PBXGroup;
			children = (
				139754BD1EDA8C4D006C82B8 /* EstrogensVC.swift */,
				B435182A20F5D72C00BD268C /* EstrogenCell.swift */,
				13E980D71EDFA54B0062B144 /* EstrogenVC.swift */,
			);
			path = Estrogens;
			sourceTree = "<group>";
		};
		B480EE4621CC7A15002C2238 /* Sites */ = {
			isa = PBXGroup;
			children = (
				B44611B320F740C300312DCD /* SiteImagePickerDelegate.swift */,
				B46AC63520CF1D6000CF7B54 /* SiteVC.swift */,
				B42F5D0F20D2D6F90032E39A /* SiteCell.swift */,
				B46AC63320CDA48400CF7B54 /* SitesVC.swift */,
			);
			name = Sites;
			sourceTree = "<group>";
		};
		B480EE4C21CC7E34002C2238 /* Shared */ = {
			isa = PBXGroup;
			children = (
				B40531BC21CD845800BD64CE /* PillAttributes.swift */,
				B463E1AA211640E90099DE36 /* PDState.swift */,
				B480EE4821CC7CC4002C2238 /* PatchDataAlert.swift */,
				B40CC9BF21CD7DA9002364BB /* PatchData.swift */,
				B40CC9C121CD802D002364BB /* PDSharedData.swift */,
			);
			path = Shared;
			sourceTree = "<group>";
		};
		B49A4A3F20DB2D4C00F24FC0 /* PDKit */ = {
			isa = PBXGroup;
			children = (
				B40CC9A721CCE4AE002364BB /* Resources */,
				B40CC9A821CCE4BE002364BB /* Helpers */,
				B49A4A4020DB2D4C00F24FC0 /* PDKit.h */,
				B49A4A4120DB2D4C00F24FC0 /* Info.plist */,
				9DD5C2F4227F49BF009BAA25 /* PDTypes.swift */,
			);
			path = PDKit;
			sourceTree = "<group>";
		};
		B4E12EA421D018E80068AD2E /* Schedules */ = {
			isa = PBXGroup;
			children = (
				B480EE2B21CC7554002C2238 /* SiteScheduleTests.swift */,
				B468414121DC815A00A0BE73 /* EstrogenScheduleTests.swift */,
				B405322121D4B1FE00AF9CAD /* PillScheduleTests.swift */,
			);
			path = Schedules;
			sourceTree = "<group>";
		};
/* End PBXGroup section */

/* Begin PBXHeadersBuildPhase section */
		B480EE1721CC7553002C2238 /* Headers */ = {
			isa = PBXHeadersBuildPhase;
			buildActionMask = 2147483647;
			files = (
				B480EE2E21CC7554002C2238 /* PatchData.h in Headers */,
			);
			runOnlyForDeploymentPostprocessing = 0;
		};
		B49A4A3B20DB2D4C00F24FC0 /* Headers */ = {
			isa = PBXHeadersBuildPhase;
			buildActionMask = 2147483647;
			files = (
				B49A4A5020DB2D4C00F24FC0 /* PDKit.h in Headers */,
			);
			runOnlyForDeploymentPostprocessing = 0;
		};
/* End PBXHeadersBuildPhase section */

/* Begin PBXNativeTarget section */
		137330E81E22BA3E0048F91E /* PatchDay */ = {
			isa = PBXNativeTarget;
			buildConfigurationList = 137331111E22BA3E0048F91E /* Build configuration list for PBXNativeTarget "PatchDay" */;
			buildPhases = (
				137330E51E22BA3E0048F91E /* Sources */,
				137330E61E22BA3E0048F91E /* Frameworks */,
				137330E71E22BA3E0048F91E /* Resources */,
				13B00C061F1A8EC700548019 /* Embed Frameworks */,
				B468F4AF20D9BDBB007FC689 /* Embed App Extensions */,
			);
			buildRules = (
			);
			dependencies = (
				B49A4A5220DB2D4C00F24FC0 /* PBXTargetDependency */,
				B480EE1021CC72DB002C2238 /* PBXTargetDependency */,
				B480EE3021CC7554002C2238 /* PBXTargetDependency */,
			);
			name = PatchDay;
			productName = PatchDay;
			productReference = 137330E91E22BA3E0048F91E /* PatchDay.app */;
			productType = "com.apple.product-type.application";
		};
		B40CC9AE21CCE614002364BB /* PDKitTests */ = {
			isa = PBXNativeTarget;
			buildConfigurationList = B40CC9B721CCE614002364BB /* Build configuration list for PBXNativeTarget "PDKitTests" */;
			buildPhases = (
				B40CC9AB21CCE614002364BB /* Sources */,
				B40CC9AC21CCE614002364BB /* Frameworks */,
				B40CC9AD21CCE614002364BB /* Resources */,
			);
			buildRules = (
			);
			dependencies = (
				B40CC9B621CCE614002364BB /* PBXTargetDependency */,
				B40CC9BB21CCEA73002364BB /* PBXTargetDependency */,
			);
			name = PDKitTests;
			productName = PDKitTests;
			productReference = B40CC9AF21CCE614002364BB /* PDKitTests.xctest */;
			productType = "com.apple.product-type.bundle.unit-test";
		};
		B480EE0521CC72DB002C2238 /* PatchDayToday */ = {
			isa = PBXNativeTarget;
			buildConfigurationList = B480EE1221CC72DB002C2238 /* Build configuration list for PBXNativeTarget "PatchDayToday" */;
			buildPhases = (
				B480EE0221CC72DB002C2238 /* Sources */,
				B480EE0321CC72DB002C2238 /* Frameworks */,
				B480EE0421CC72DB002C2238 /* Resources */,
			);
			buildRules = (
			);
			dependencies = (
			);
			name = PatchDayToday;
			productName = PatchDayToday;
			productReference = B480EE0621CC72DB002C2238 /* PatchDayToday.appex */;
			productType = "com.apple.product-type.app-extension";
		};
		B480EE1B21CC7553002C2238 /* PatchData */ = {
			isa = PBXNativeTarget;
			buildConfigurationList = B480EE3321CC7554002C2238 /* Build configuration list for PBXNativeTarget "PatchData" */;
			buildPhases = (
				B480EE1721CC7553002C2238 /* Headers */,
				B480EE1821CC7553002C2238 /* Sources */,
				B480EE1921CC7553002C2238 /* Frameworks */,
				B480EE1A21CC7553002C2238 /* Resources */,
			);
			buildRules = (
			);
			dependencies = (
			);
			name = PatchData;
			productName = PatchData;
			productReference = B480EE1C21CC7553002C2238 /* PatchData.framework */;
			productType = "com.apple.product-type.framework";
		};
		B480EE2321CC7554002C2238 /* PatchDataTests */ = {
			isa = PBXNativeTarget;
			buildConfigurationList = B480EE3621CC7554002C2238 /* Build configuration list for PBXNativeTarget "PatchDataTests" */;
			buildPhases = (
				B480EE2021CC7554002C2238 /* Sources */,
				B480EE2121CC7554002C2238 /* Frameworks */,
				B480EE2221CC7554002C2238 /* Resources */,
			);
			buildRules = (
			);
			dependencies = (
				B480EE2721CC7554002C2238 /* PBXTargetDependency */,
				B480EE2921CC7554002C2238 /* PBXTargetDependency */,
			);
			name = PatchDataTests;
			productName = PatchDataTests;
			productReference = B480EE2421CC7554002C2238 /* PatchDataTests.xctest */;
			productType = "com.apple.product-type.bundle.unit-test";
		};
		B49A4A3D20DB2D4C00F24FC0 /* PDKit */ = {
			isa = PBXNativeTarget;
			buildConfigurationList = B49A4A5520DB2D4C00F24FC0 /* Build configuration list for PBXNativeTarget "PDKit" */;
			buildPhases = (
				B49A4A3920DB2D4C00F24FC0 /* Sources */,
				B49A4A3A20DB2D4C00F24FC0 /* Frameworks */,
				B49A4A3B20DB2D4C00F24FC0 /* Headers */,
				B49A4A3C20DB2D4C00F24FC0 /* Resources */,
			);
			buildRules = (
			);
			dependencies = (
			);
			name = PDKit;
			productName = PDKit;
			productReference = B49A4A3E20DB2D4C00F24FC0 /* PDKit.framework */;
			productType = "com.apple.product-type.framework";
		};
/* End PBXNativeTarget section */

/* Begin PBXProject section */
		137330E11E22BA3E0048F91E /* Project object */ = {
			isa = PBXProject;
			attributes = {
				LastSwiftUpdateCheck = 1010;
				LastUpgradeCheck = 1010;
				ORGANIZATIONNAME = "Juliya Smith";
				TargetAttributes = {
					137330E81E22BA3E0048F91E = {
						CreatedOnToolsVersion = 8.2.1;
						DevelopmentTeam = 8U33TMB35U;
						LastSwiftMigration = 1020;
						ProvisioningStyle = Automatic;
						SystemCapabilities = {
							com.apple.ApplicationGroups.iOS = {
								enabled = 1;
							};
							com.apple.Push = {
								enabled = 1;
							};
							com.apple.iCloud = {
								enabled = 0;
							};
						};
					};
					B40CC9AE21CCE614002364BB = {
						CreatedOnToolsVersion = 10.1;
						DevelopmentTeam = 8U33TMB35U;
						LastSwiftMigration = 1020;
						ProvisioningStyle = Automatic;
					};
					B480EE0521CC72DB002C2238 = {
						CreatedOnToolsVersion = 10.1;
						DevelopmentTeam = 8U33TMB35U;
						LastSwiftMigration = 1020;
						ProvisioningStyle = Automatic;
						SystemCapabilities = {
							com.apple.ApplicationGroups.iOS = {
								enabled = 1;
							};
						};
					};
					B480EE1B21CC7553002C2238 = {
						CreatedOnToolsVersion = 10.1;
						DevelopmentTeam = 8U33TMB35U;
						LastSwiftMigration = 1020;
						ProvisioningStyle = Automatic;
					};
					B480EE2321CC7554002C2238 = {
						CreatedOnToolsVersion = 10.1;
						DevelopmentTeam = 8U33TMB35U;
						LastSwiftMigration = 1020;
						ProvisioningStyle = Automatic;
						TestTargetID = 137330E81E22BA3E0048F91E;
					};
					B49A4A3D20DB2D4C00F24FC0 = {
						CreatedOnToolsVersion = 9.4.1;
						DevelopmentTeam = 8U33TMB35U;
						LastSwiftMigration = 1020;
						ProvisioningStyle = Automatic;
					};
				};
			};
			buildConfigurationList = 137330E41E22BA3E0048F91E /* Build configuration list for PBXProject "PatchDay" */;
			compatibilityVersion = "Xcode 3.2";
			developmentRegion = en;
			hasScannedForEncodings = 0;
			knownRegions = (
				en,
				Base,
			);
			mainGroup = 137330E01E22BA3E0048F91E;
			productRefGroup = 137330EA1E22BA3E0048F91E /* Products */;
			projectDirPath = "";
			projectRoot = "";
			targets = (
				137330E81E22BA3E0048F91E /* PatchDay */,
				B49A4A3D20DB2D4C00F24FC0 /* PDKit */,
				B480EE0521CC72DB002C2238 /* PatchDayToday */,
				B480EE1B21CC7553002C2238 /* PatchData */,
				B480EE2321CC7554002C2238 /* PatchDataTests */,
				B40CC9AE21CCE614002364BB /* PDKitTests */,
			);
		};
/* End PBXProject section */

/* Begin PBXResourcesBuildPhase section */
		137330E71E22BA3E0048F91E /* Resources */ = {
			isa = PBXResourcesBuildPhase;
			buildActionMask = 2147483647;
			files = (
				137330F71E22BA3E0048F91E /* LaunchScreen.storyboard in Resources */,
				137330F21E22BA3E0048F91E /* Main.storyboard in Resources */,
				B440111321DF44DC00C94B76 /* Assets.xcassets in Resources */,
				B42D16D220A74B4700F21AF4 /* SettingsAndSites.storyboard in Resources */,
			);
			runOnlyForDeploymentPostprocessing = 0;
		};
		B40CC9AD21CCE614002364BB /* Resources */ = {
			isa = PBXResourcesBuildPhase;
			buildActionMask = 2147483647;
			files = (
			);
			runOnlyForDeploymentPostprocessing = 0;
		};
		B480EE0421CC72DB002C2238 /* Resources */ = {
			isa = PBXResourcesBuildPhase;
			buildActionMask = 2147483647;
			files = (
				B480EE0D21CC72DB002C2238 /* MainInterface.storyboard in Resources */,
			);
			runOnlyForDeploymentPostprocessing = 0;
		};
		B480EE1A21CC7553002C2238 /* Resources */ = {
			isa = PBXResourcesBuildPhase;
			buildActionMask = 2147483647;
			files = (
			);
			runOnlyForDeploymentPostprocessing = 0;
		};
		B480EE2221CC7554002C2238 /* Resources */ = {
			isa = PBXResourcesBuildPhase;
			buildActionMask = 2147483647;
			files = (
			);
			runOnlyForDeploymentPostprocessing = 0;
		};
		B49A4A3C20DB2D4C00F24FC0 /* Resources */ = {
			isa = PBXResourcesBuildPhase;
			buildActionMask = 2147483647;
			files = (
			);
			runOnlyForDeploymentPostprocessing = 0;
		};
/* End PBXResourcesBuildPhase section */

/* Begin PBXSourcesBuildPhase section */
		137330E51E22BA3E0048F91E /* Sources */ = {
			isa = PBXSourcesBuildPhase;
			buildActionMask = 2147483647;
			files = (
				9D1BC5802277F50D00552BC1 /* PatchDataShell.swift in Sources */,
				9D3E4C7E22B5AEA400C82DAE /* EstrogenOvernightNotification.swift in Sources */,
				9D3E4C8222B5B47E00C82DAE /* PillNotification.swift in Sources */,
				9DC4175A22907DF100DD2CEF /* PDNavigationDelegate.swift in Sources */,
				B440110C21DF2CBD00C94B76 /* patchData.xcdatamodeld in Sources */,
				9DD5C2F3227F4281009BAA25 /* PDTabViewDelegate.swift in Sources */,
				9DD5C2F922811164009BAA25 /* ModiiImageResizer.swift in Sources */,
				9DDF13D1229CC601001E8A8A /* PDNotifying.swift in Sources */,
				9DDF13CF229CC5C2001E8A8A /* EstrogenNotification.swift in Sources */,
				B4454B0420DC56BE005CD2E3 /* PDImages.swift in Sources */,
				B4355D9B20EE96B10048D466 /* MFBadgeButton.swift in Sources */,
				9DDF13D4229CC9E7001E8A8A /* PDNotificationStrings.swift in Sources */,
				B4AED52320E5659C00559165 /* PillVC.swift in Sources */,
				B46AC63620CF1D6000CF7B54 /* SiteVC.swift in Sources */,
				B4454B0820E19A7E005CD2E3 /* PillCell.swift in Sources */,
				9D3E4C8022B5AFC500C82DAE /* PDNotification.swift in Sources */,
				9D43DB0A22639893008F56AE /* ThemeManager.swift in Sources */,
				133EEBAF1EF2EB0200E64C4D /* SettingsVC.swift in Sources */,
				13E980D81EDFA54B0062B144 /* EstrogenVC.swift in Sources */,
				1340A9EE1EE771EC0003EFFA /* PDNotificationController.swift in Sources */,
				139754BE1EDA8C4D006C82B8 /* EstrogensVC.swift in Sources */,
				B42F5D1020D2D6F90032E39A /* SiteCell.swift in Sources */,
				13E0BB5D1EF8E5D900939D37 /* PDAlertController.swift in Sources */,
				137330ED1E22BA3E0048F91E /* AppDelegate.swift in Sources */,
				130101201FE5936E00AEFF7C /* PillsVC.swift in Sources */,
				B44611B420F740C300312DCD /* SiteImagePickerDelegate.swift in Sources */,
				B434B93E20FAEA45008F3CE1 /* TabBarExtension.swift in Sources */,
				B46AC63420CDA48400CF7B54 /* SitesVC.swift in Sources */,
				B435182B20F5D72C00BD268C /* EstrogenCell.swift in Sources */,
			);
			runOnlyForDeploymentPostprocessing = 0;
		};
		B40CC9AB21CCE614002364BB /* Sources */ = {
			isa = PBXSourcesBuildPhase;
			buildActionMask = 2147483647;
			files = (
				B4E12EA321CFFDA40068AD2E /* PDPillHelperTests.swift in Sources */,
				B440111021DF3F2E00C94B76 /* DateExtensionTests.swift in Sources */,
				B40CC9B221CCE614002364BB /* PDDateHelperTests.swift in Sources */,
			);
			runOnlyForDeploymentPostprocessing = 0;
		};
		B480EE0221CC72DB002C2238 /* Sources */ = {
			isa = PBXSourcesBuildPhase;
			buildActionMask = 2147483647;
			files = (
				B480EE0A21CC72DB002C2238 /* TodayViewController.swift in Sources */,
				B480EE1621CC7328002C2238 /* PDTodayDataController.swift in Sources */,
			);
			runOnlyForDeploymentPostprocessing = 0;
		};
		B480EE1821CC7553002C2238 /* Sources */ = {
			isa = PBXSourcesBuildPhase;
			buildActionMask = 2147483647;
			files = (
				9D1BC5732276093F00552BC1 /* NotificationsMinutesBefore.swift in Sources */,
				B4C69F0C21E56CD7004EABC4 /* MOSite.swift in Sources */,
				B480EE4721CC7B5E002C2238 /* PDState.swift in Sources */,
				9DD5C2F722810680009BAA25 /* PDValueHolding.swift in Sources */,
				B480EE3E21CC75FE002C2238 /* EstrogenSchedule.swift in Sources */,
				9D1BC56F2275FD6200552BC1 /* ExpirationIntervalUD.swift in Sources */,
				9D1BC56D2275FC3E00552BC1 /* QuantityUD.swift in Sources */,
				9D7B0A79226CCB9B0089E1CD /* PDDefaultsBaseClass.swift in Sources */,
				B4C69F0B21E56CD7004EABC4 /* MOPillMethods.swift in Sources */,
				B4C69F0D21E56CD7004EABC4 /* MOSiteMethods.swift in Sources */,
				9D1BC5692275FAB500552BC1 /* DeliveryMethodUD.swift in Sources */,
				B4C69F0F21E56CD7004EABC4 /* MOEstrogenMethods.swift in Sources */,
				B480EE3C21CC75FB002C2238 /* PDSchedule.swift in Sources */,
				9D1BC57922760A1A00552BC1 /* ThemeUD.swift in Sources */,
				9D1BC577227609E800552BC1 /* SiteIndexUD.swift in Sources */,
				B480EE4B21CC7E20002C2238 /* PDDefaults.swift in Sources */,
				9D1BC5672275F3E700552BC1 /* PDKeyStorable.swift in Sources */,
				9D1BC5752276098C00552BC1 /* MentionedDisclaimerUD.swift in Sources */,
				B4C69F0A21E56CD7004EABC4 /* MOPill.swift in Sources */,
				9DC0107221FE311A0024E7CE /* PatchDataSDK.swift in Sources */,
				9D1BC571227608FF00552BC1 /* NotificationsUD.swift in Sources */,
				B40CC9C021CD7DA9002364BB /* PatchData.swift in Sources */,
				B405322521D4BACE00AF9CAD /* PillAttributes.swift in Sources */,
				B40CC9C221CD802D002364BB /* PDSharedData.swift in Sources */,
				B480EE4921CC7CC4002C2238 /* PatchDataAlert.swift in Sources */,
				B480EE4A21CC7D76002C2238 /* PillSchedule.swift in Sources */,
				B480EE4021CC7602002C2238 /* SiteSchedule.swift in Sources */,
				B4C69F0E21E56CD7004EABC4 /* MOEstrogen.swift in Sources */,
				B405322721D5F8DA00AF9CAD /* PDScheduling.swift in Sources */,
			);
			runOnlyForDeploymentPostprocessing = 0;
		};
		B480EE2021CC7554002C2238 /* Sources */ = {
			isa = PBXSourcesBuildPhase;
			buildActionMask = 2147483647;
			files = (
				B4700F2421E5874600C8EFB6 /* MOPillTests.swift in Sources */,
				9DD5C2FD2286578D009BAA25 /* PDDefaultsBaseClassTests.swift in Sources */,
				B480EE2C21CC7554002C2238 /* SiteScheduleTests.swift in Sources */,
				B4700F2121E57B5600C8EFB6 /* MOSiteTests.swift in Sources */,
				B468414221DC815A00A0BE73 /* EstrogenScheduleTests.swift in Sources */,
				B405322221D4B1FE00AF9CAD /* PillScheduleTests.swift in Sources */,
				B405322921D6F05900AF9CAD /* PDDefaultsTests.swift in Sources */,
				B4700F2621E5E97700C8EFB6 /* MOEstrogenTests.swift in Sources */,
			);
			runOnlyForDeploymentPostprocessing = 0;
		};
		B49A4A3920DB2D4C00F24FC0 /* Sources */ = {
			isa = PBXSourcesBuildPhase;
			buildActionMask = 2147483647;
			files = (
				9D1BC57E2277F45F00552BC1 /* PDPickerStrings.swift in Sources */,
				9DD5C2FB228111F9009BAA25 /* PDSiteStrings.swift in Sources */,
				9DD5C2F5227F49BF009BAA25 /* PDTypes.swift in Sources */,
				B49A4A5E20DB2D5A00F24FC0 /* PDStrings.swift in Sources */,
				B49A4A5D20DB2D5A00F24FC0 /* PDColors.swift in Sources */,
				B49A4A5C20DB2D5A00F24FC0 /* PDPillHelper.swift in Sources */,
				B49A4A5B20DB2D5A00F24FC0 /* PDDateHelper.swift in Sources */,
				B440110E21DF3E5D00C94B76 /* DateExtension.swift in Sources */,
			);
			runOnlyForDeploymentPostprocessing = 0;
		};
/* End PBXSourcesBuildPhase section */

/* Begin PBXTargetDependency section */
		B40CC9B621CCE614002364BB /* PBXTargetDependency */ = {
			isa = PBXTargetDependency;
			target = B49A4A3D20DB2D4C00F24FC0 /* PDKit */;
			targetProxy = B40CC9B521CCE614002364BB /* PBXContainerItemProxy */;
		};
		B40CC9BB21CCEA73002364BB /* PBXTargetDependency */ = {
			isa = PBXTargetDependency;
			target = 137330E81E22BA3E0048F91E /* PatchDay */;
			targetProxy = B40CC9BA21CCEA73002364BB /* PBXContainerItemProxy */;
		};
		B480EE1021CC72DB002C2238 /* PBXTargetDependency */ = {
			isa = PBXTargetDependency;
			target = B480EE0521CC72DB002C2238 /* PatchDayToday */;
			targetProxy = B480EE0F21CC72DB002C2238 /* PBXContainerItemProxy */;
		};
		B480EE2721CC7554002C2238 /* PBXTargetDependency */ = {
			isa = PBXTargetDependency;
			target = B480EE1B21CC7553002C2238 /* PatchData */;
			targetProxy = B480EE2621CC7554002C2238 /* PBXContainerItemProxy */;
		};
		B480EE2921CC7554002C2238 /* PBXTargetDependency */ = {
			isa = PBXTargetDependency;
			target = 137330E81E22BA3E0048F91E /* PatchDay */;
			targetProxy = B480EE2821CC7554002C2238 /* PBXContainerItemProxy */;
		};
		B480EE3021CC7554002C2238 /* PBXTargetDependency */ = {
			isa = PBXTargetDependency;
			target = B480EE1B21CC7553002C2238 /* PatchData */;
			targetProxy = B480EE2F21CC7554002C2238 /* PBXContainerItemProxy */;
		};
		B49A4A5220DB2D4C00F24FC0 /* PBXTargetDependency */ = {
			isa = PBXTargetDependency;
			target = B49A4A3D20DB2D4C00F24FC0 /* PDKit */;
			targetProxy = B49A4A5120DB2D4C00F24FC0 /* PBXContainerItemProxy */;
		};
/* End PBXTargetDependency section */

/* Begin PBXVariantGroup section */
		137330F01E22BA3E0048F91E /* Main.storyboard */ = {
			isa = PBXVariantGroup;
			children = (
				137330F11E22BA3E0048F91E /* Base */,
				138426D31F4DDB31008C6E6D /* en */,
			);
			name = Main.storyboard;
			sourceTree = "<group>";
		};
		137330F51E22BA3E0048F91E /* LaunchScreen.storyboard */ = {
			isa = PBXVariantGroup;
			children = (
				137330F61E22BA3E0048F91E /* Base */,
			);
			name = LaunchScreen.storyboard;
			sourceTree = "<group>";
		};
		B480EE0B21CC72DB002C2238 /* MainInterface.storyboard */ = {
			isa = PBXVariantGroup;
			children = (
				B480EE0C21CC72DB002C2238 /* Base */,
			);
			name = MainInterface.storyboard;
			sourceTree = "<group>";
		};
/* End PBXVariantGroup section */

/* Begin XCBuildConfiguration section */
		1373310F1E22BA3E0048F91E /* Debug */ = {
			isa = XCBuildConfiguration;
			buildSettings = {
				ALWAYS_SEARCH_USER_PATHS = NO;
				CLANG_ANALYZER_LOCALIZABILITY_NONLOCALIZED = YES;
				CLANG_ANALYZER_NONNULL = YES;
				CLANG_CXX_LANGUAGE_STANDARD = "gnu++0x";
				CLANG_CXX_LIBRARY = "libc++";
				CLANG_ENABLE_MODULES = YES;
				CLANG_ENABLE_OBJC_ARC = YES;
				CLANG_WARN_BLOCK_CAPTURE_AUTORELEASING = YES;
				CLANG_WARN_BOOL_CONVERSION = YES;
				CLANG_WARN_COMMA = YES;
				CLANG_WARN_CONSTANT_CONVERSION = YES;
				CLANG_WARN_DEPRECATED_OBJC_IMPLEMENTATIONS = YES;
				CLANG_WARN_DIRECT_OBJC_ISA_USAGE = YES_ERROR;
				CLANG_WARN_DOCUMENTATION_COMMENTS = YES;
				CLANG_WARN_EMPTY_BODY = YES;
				CLANG_WARN_ENUM_CONVERSION = YES;
				CLANG_WARN_INFINITE_RECURSION = YES;
				CLANG_WARN_INT_CONVERSION = YES;
				CLANG_WARN_NON_LITERAL_NULL_CONVERSION = YES;
				CLANG_WARN_OBJC_IMPLICIT_RETAIN_SELF = YES;
				CLANG_WARN_OBJC_LITERAL_CONVERSION = YES;
				CLANG_WARN_OBJC_ROOT_CLASS = YES_ERROR;
				CLANG_WARN_RANGE_LOOP_ANALYSIS = YES;
				CLANG_WARN_STRICT_PROTOTYPES = YES;
				CLANG_WARN_SUSPICIOUS_MOVE = YES;
				CLANG_WARN_UNREACHABLE_CODE = YES;
				CLANG_WARN__DUPLICATE_METHOD_MATCH = YES;
				"CODE_SIGN_IDENTITY[sdk=iphoneos*]" = "iPhone Developer";
				COPY_PHASE_STRIP = NO;
				DEBUG_INFORMATION_FORMAT = dwarf;
				ENABLE_STRICT_OBJC_MSGSEND = YES;
				ENABLE_TESTABILITY = YES;
				GCC_C_LANGUAGE_STANDARD = gnu99;
				GCC_DYNAMIC_NO_PIC = NO;
				GCC_NO_COMMON_BLOCKS = YES;
				GCC_OPTIMIZATION_LEVEL = 0;
				GCC_PREPROCESSOR_DEFINITIONS = (
					"DEBUG=1",
					"$(inherited)",
				);
				GCC_WARN_64_TO_32_BIT_CONVERSION = YES;
				GCC_WARN_ABOUT_RETURN_TYPE = YES_ERROR;
				GCC_WARN_UNDECLARED_SELECTOR = YES;
				GCC_WARN_UNINITIALIZED_AUTOS = YES_AGGRESSIVE;
				GCC_WARN_UNUSED_FUNCTION = YES;
				GCC_WARN_UNUSED_VARIABLE = YES;
				IPHONEOS_DEPLOYMENT_TARGET = 11.4;
				MTL_ENABLE_DEBUG_INFO = YES;
				ONLY_ACTIVE_ARCH = YES;
				SDKROOT = iphoneos;
				SWIFT_ACTIVE_COMPILATION_CONDITIONS = DEBUG;
				SWIFT_OPTIMIZATION_LEVEL = "-Onone";
			};
			name = Debug;
		};
		137331101E22BA3E0048F91E /* Release */ = {
			isa = XCBuildConfiguration;
			buildSettings = {
				ALWAYS_SEARCH_USER_PATHS = NO;
				CLANG_ANALYZER_LOCALIZABILITY_NONLOCALIZED = YES;
				CLANG_ANALYZER_NONNULL = YES;
				CLANG_CXX_LANGUAGE_STANDARD = "gnu++0x";
				CLANG_CXX_LIBRARY = "libc++";
				CLANG_ENABLE_MODULES = YES;
				CLANG_ENABLE_OBJC_ARC = YES;
				CLANG_WARN_BLOCK_CAPTURE_AUTORELEASING = YES;
				CLANG_WARN_BOOL_CONVERSION = YES;
				CLANG_WARN_COMMA = YES;
				CLANG_WARN_CONSTANT_CONVERSION = YES;
				CLANG_WARN_DEPRECATED_OBJC_IMPLEMENTATIONS = YES;
				CLANG_WARN_DIRECT_OBJC_ISA_USAGE = YES_ERROR;
				CLANG_WARN_DOCUMENTATION_COMMENTS = YES;
				CLANG_WARN_EMPTY_BODY = YES;
				CLANG_WARN_ENUM_CONVERSION = YES;
				CLANG_WARN_INFINITE_RECURSION = YES;
				CLANG_WARN_INT_CONVERSION = YES;
				CLANG_WARN_NON_LITERAL_NULL_CONVERSION = YES;
				CLANG_WARN_OBJC_IMPLICIT_RETAIN_SELF = YES;
				CLANG_WARN_OBJC_LITERAL_CONVERSION = YES;
				CLANG_WARN_OBJC_ROOT_CLASS = YES_ERROR;
				CLANG_WARN_RANGE_LOOP_ANALYSIS = YES;
				CLANG_WARN_STRICT_PROTOTYPES = YES;
				CLANG_WARN_SUSPICIOUS_MOVE = YES;
				CLANG_WARN_UNREACHABLE_CODE = YES;
				CLANG_WARN__DUPLICATE_METHOD_MATCH = YES;
				"CODE_SIGN_IDENTITY[sdk=iphoneos*]" = "iPhone Developer";
				COPY_PHASE_STRIP = NO;
				DEBUG_INFORMATION_FORMAT = "dwarf-with-dsym";
				ENABLE_NS_ASSERTIONS = NO;
				ENABLE_STRICT_OBJC_MSGSEND = YES;
				GCC_C_LANGUAGE_STANDARD = gnu99;
				GCC_NO_COMMON_BLOCKS = YES;
				GCC_WARN_64_TO_32_BIT_CONVERSION = YES;
				GCC_WARN_ABOUT_RETURN_TYPE = YES_ERROR;
				GCC_WARN_UNDECLARED_SELECTOR = YES;
				GCC_WARN_UNINITIALIZED_AUTOS = YES_AGGRESSIVE;
				GCC_WARN_UNUSED_FUNCTION = YES;
				GCC_WARN_UNUSED_VARIABLE = YES;
				IPHONEOS_DEPLOYMENT_TARGET = 11.4;
				MTL_ENABLE_DEBUG_INFO = NO;
				SDKROOT = iphoneos;
				SWIFT_OPTIMIZATION_LEVEL = "-Owholemodule";
				VALIDATE_PRODUCT = YES;
			};
			name = Release;
		};
		137331121E22BA3E0048F91E /* Debug */ = {
			isa = XCBuildConfiguration;
			buildSettings = {
				ALWAYS_EMBED_SWIFT_STANDARD_LIBRARIES = YES;
				ASSETCATALOG_COMPILER_APPICON_NAME = AppIcon;
				CODE_SIGN_ENTITLEMENTS = PatchDay/PatchDay.entitlements;
				CODE_SIGN_IDENTITY = "iPhone Developer";
				DEVELOPMENT_TEAM = 8U33TMB35U;
				INFOPLIST_FILE = PatchDay/Info.plist;
				IPHONEOS_DEPLOYMENT_TARGET = 12.1;
				LD_RUNPATH_SEARCH_PATHS = "$(inherited) @executable_path/Frameworks";
				PRODUCT_BUNDLE_IDENTIFIER = Yingthi.PatchDay;
				PRODUCT_NAME = "$(TARGET_NAME)";
				SWIFT_VERSION = 5.0;
				TARGETED_DEVICE_FAMILY = "1,2";
			};
			name = Debug;
		};
		137331131E22BA3E0048F91E /* Release */ = {
			isa = XCBuildConfiguration;
			buildSettings = {
				ALWAYS_EMBED_SWIFT_STANDARD_LIBRARIES = YES;
				ASSETCATALOG_COMPILER_APPICON_NAME = AppIcon;
				CODE_SIGN_ENTITLEMENTS = PatchDay/PatchDay.entitlements;
				CODE_SIGN_IDENTITY = "iPhone Developer";
				DEVELOPMENT_TEAM = 8U33TMB35U;
				INFOPLIST_FILE = PatchDay/Info.plist;
				IPHONEOS_DEPLOYMENT_TARGET = 12.1;
				LD_RUNPATH_SEARCH_PATHS = "$(inherited) @executable_path/Frameworks";
				PRODUCT_BUNDLE_IDENTIFIER = Yingthi.PatchDay;
				PRODUCT_NAME = "$(TARGET_NAME)";
				SWIFT_VERSION = 5.0;
				TARGETED_DEVICE_FAMILY = "1,2";
			};
			name = Release;
		};
		B40CC9B821CCE614002364BB /* Debug */ = {
			isa = XCBuildConfiguration;
			buildSettings = {
				CLANG_ANALYZER_NUMBER_OBJECT_CONVERSION = YES_AGGRESSIVE;
				CLANG_CXX_LANGUAGE_STANDARD = "gnu++14";
				CLANG_ENABLE_OBJC_WEAK = YES;
				CLANG_WARN_UNGUARDED_AVAILABILITY = YES_AGGRESSIVE;
				CODE_SIGN_IDENTITY = "iPhone Developer";
				CODE_SIGN_STYLE = Automatic;
				DEVELOPMENT_TEAM = 8U33TMB35U;
				GCC_C_LANGUAGE_STANDARD = gnu11;
				INFOPLIST_FILE = PDKitTests/Info.plist;
				IPHONEOS_DEPLOYMENT_TARGET = 12.1;
				LD_RUNPATH_SEARCH_PATHS = "$(inherited) @executable_path/Frameworks @loader_path/Frameworks";
				MTL_ENABLE_DEBUG_INFO = INCLUDE_SOURCE;
				MTL_FAST_MATH = YES;
				PRODUCT_BUNDLE_IDENTIFIER = JuliyaSmith.PDKitTests;
				PRODUCT_NAME = "$(TARGET_NAME)";
				SWIFT_VERSION = 5.0;
				TARGETED_DEVICE_FAMILY = "1,2";
			};
			name = Debug;
		};
		B40CC9B921CCE614002364BB /* Release */ = {
			isa = XCBuildConfiguration;
			buildSettings = {
				CLANG_ANALYZER_NUMBER_OBJECT_CONVERSION = YES_AGGRESSIVE;
				CLANG_CXX_LANGUAGE_STANDARD = "gnu++14";
				CLANG_ENABLE_OBJC_WEAK = YES;
				CLANG_WARN_UNGUARDED_AVAILABILITY = YES_AGGRESSIVE;
				CODE_SIGN_IDENTITY = "iPhone Developer";
				CODE_SIGN_STYLE = Automatic;
				DEVELOPMENT_TEAM = 8U33TMB35U;
				GCC_C_LANGUAGE_STANDARD = gnu11;
				INFOPLIST_FILE = PDKitTests/Info.plist;
				IPHONEOS_DEPLOYMENT_TARGET = 12.1;
				LD_RUNPATH_SEARCH_PATHS = "$(inherited) @executable_path/Frameworks @loader_path/Frameworks";
				MTL_FAST_MATH = YES;
				PRODUCT_BUNDLE_IDENTIFIER = JuliyaSmith.PDKitTests;
				PRODUCT_NAME = "$(TARGET_NAME)";
				SWIFT_VERSION = 5.0;
				TARGETED_DEVICE_FAMILY = "1,2";
			};
			name = Release;
		};
		B480EE1321CC72DB002C2238 /* Debug */ = {
			isa = XCBuildConfiguration;
			buildSettings = {
				CLANG_ANALYZER_NUMBER_OBJECT_CONVERSION = YES_AGGRESSIVE;
				CLANG_CXX_LANGUAGE_STANDARD = "gnu++14";
				CLANG_ENABLE_OBJC_WEAK = YES;
				CLANG_WARN_UNGUARDED_AVAILABILITY = YES_AGGRESSIVE;
				CODE_SIGN_ENTITLEMENTS = PatchDayToday/PatchDayToday.entitlements;
				CODE_SIGN_IDENTITY = "iPhone Developer";
				CODE_SIGN_STYLE = Automatic;
				DEVELOPMENT_TEAM = 8U33TMB35U;
				GCC_C_LANGUAGE_STANDARD = gnu11;
				INFOPLIST_FILE = PatchDayToday/Info.plist;
				IPHONEOS_DEPLOYMENT_TARGET = 12.1;
				LD_RUNPATH_SEARCH_PATHS = "$(inherited) @executable_path/Frameworks @executable_path/../../Frameworks";
				MTL_ENABLE_DEBUG_INFO = INCLUDE_SOURCE;
				MTL_FAST_MATH = YES;
				PRODUCT_BUNDLE_IDENTIFIER = Yingthi.PatchDay.PDToday;
				PRODUCT_NAME = "$(TARGET_NAME)";
				SKIP_INSTALL = YES;
				SWIFT_VERSION = 5.0;
				TARGETED_DEVICE_FAMILY = "1,2";
			};
			name = Debug;
		};
		B480EE1421CC72DB002C2238 /* Release */ = {
			isa = XCBuildConfiguration;
			buildSettings = {
				CLANG_ANALYZER_NUMBER_OBJECT_CONVERSION = YES_AGGRESSIVE;
				CLANG_CXX_LANGUAGE_STANDARD = "gnu++14";
				CLANG_ENABLE_OBJC_WEAK = YES;
				CLANG_WARN_UNGUARDED_AVAILABILITY = YES_AGGRESSIVE;
				CODE_SIGN_ENTITLEMENTS = PatchDayToday/PatchDayToday.entitlements;
				CODE_SIGN_IDENTITY = "iPhone Developer";
				CODE_SIGN_STYLE = Automatic;
				DEVELOPMENT_TEAM = 8U33TMB35U;
				GCC_C_LANGUAGE_STANDARD = gnu11;
				INFOPLIST_FILE = PatchDayToday/Info.plist;
				IPHONEOS_DEPLOYMENT_TARGET = 12.1;
				LD_RUNPATH_SEARCH_PATHS = "$(inherited) @executable_path/Frameworks @executable_path/../../Frameworks";
				MTL_FAST_MATH = YES;
				PRODUCT_BUNDLE_IDENTIFIER = Yingthi.PatchDay.PDToday;
				PRODUCT_NAME = "$(TARGET_NAME)";
				SKIP_INSTALL = YES;
				SWIFT_VERSION = 5.0;
				TARGETED_DEVICE_FAMILY = "1,2";
			};
			name = Release;
		};
		B480EE3421CC7554002C2238 /* Debug */ = {
			isa = XCBuildConfiguration;
			buildSettings = {
				CLANG_ANALYZER_NUMBER_OBJECT_CONVERSION = YES_AGGRESSIVE;
				CLANG_CXX_LANGUAGE_STANDARD = "gnu++14";
				CLANG_ENABLE_OBJC_WEAK = YES;
				CLANG_WARN_UNGUARDED_AVAILABILITY = YES_AGGRESSIVE;
				CODE_SIGN_IDENTITY = "";
				CODE_SIGN_STYLE = Automatic;
				CURRENT_PROJECT_VERSION = 1;
				DEFINES_MODULE = YES;
				DEVELOPMENT_TEAM = 8U33TMB35U;
				DYLIB_COMPATIBILITY_VERSION = 1;
				DYLIB_CURRENT_VERSION = 1;
				DYLIB_INSTALL_NAME_BASE = "@rpath";
				GCC_C_LANGUAGE_STANDARD = gnu11;
				INFOPLIST_FILE = PatchData/Info.plist;
				INSTALL_PATH = "$(LOCAL_LIBRARY_DIR)/Frameworks";
				IPHONEOS_DEPLOYMENT_TARGET = 12.1;
				LD_RUNPATH_SEARCH_PATHS = "$(inherited) @executable_path/Frameworks @loader_path/Frameworks";
				MTL_ENABLE_DEBUG_INFO = INCLUDE_SOURCE;
				MTL_FAST_MATH = YES;
				PRODUCT_BUNDLE_IDENTIFIER = JuliyaSmith.PatchData;
				PRODUCT_NAME = "$(TARGET_NAME:c99extidentifier)";
				SKIP_INSTALL = YES;
				SWIFT_VERSION = 5.0;
				TARGETED_DEVICE_FAMILY = "1,2";
				VERSIONING_SYSTEM = "apple-generic";
				VERSION_INFO_PREFIX = "";
			};
			name = Debug;
		};
		B480EE3521CC7554002C2238 /* Release */ = {
			isa = XCBuildConfiguration;
			buildSettings = {
				CLANG_ANALYZER_NUMBER_OBJECT_CONVERSION = YES_AGGRESSIVE;
				CLANG_CXX_LANGUAGE_STANDARD = "gnu++14";
				CLANG_ENABLE_OBJC_WEAK = YES;
				CLANG_WARN_UNGUARDED_AVAILABILITY = YES_AGGRESSIVE;
				CODE_SIGN_IDENTITY = "";
				CODE_SIGN_STYLE = Automatic;
				CURRENT_PROJECT_VERSION = 1;
				DEFINES_MODULE = YES;
				DEVELOPMENT_TEAM = 8U33TMB35U;
				DYLIB_COMPATIBILITY_VERSION = 1;
				DYLIB_CURRENT_VERSION = 1;
				DYLIB_INSTALL_NAME_BASE = "@rpath";
				GCC_C_LANGUAGE_STANDARD = gnu11;
				INFOPLIST_FILE = PatchData/Info.plist;
				INSTALL_PATH = "$(LOCAL_LIBRARY_DIR)/Frameworks";
				IPHONEOS_DEPLOYMENT_TARGET = 12.1;
				LD_RUNPATH_SEARCH_PATHS = "$(inherited) @executable_path/Frameworks @loader_path/Frameworks";
				MTL_FAST_MATH = YES;
				PRODUCT_BUNDLE_IDENTIFIER = JuliyaSmith.PatchData;
				PRODUCT_NAME = "$(TARGET_NAME:c99extidentifier)";
				SKIP_INSTALL = YES;
				SWIFT_VERSION = 5.0;
				TARGETED_DEVICE_FAMILY = "1,2";
				VERSIONING_SYSTEM = "apple-generic";
				VERSION_INFO_PREFIX = "";
			};
			name = Release;
		};
		B480EE3721CC7554002C2238 /* Debug */ = {
			isa = XCBuildConfiguration;
			buildSettings = {
				ALWAYS_EMBED_SWIFT_STANDARD_LIBRARIES = YES;
				CLANG_ANALYZER_NUMBER_OBJECT_CONVERSION = YES_AGGRESSIVE;
				CLANG_CXX_LANGUAGE_STANDARD = "gnu++14";
				CLANG_ENABLE_OBJC_WEAK = YES;
				CLANG_WARN_UNGUARDED_AVAILABILITY = YES_AGGRESSIVE;
				CODE_SIGN_IDENTITY = "iPhone Developer";
				CODE_SIGN_STYLE = Automatic;
				DEVELOPMENT_TEAM = 8U33TMB35U;
				GCC_C_LANGUAGE_STANDARD = gnu11;
				INFOPLIST_FILE = PatchDataTests/Info.plist;
				IPHONEOS_DEPLOYMENT_TARGET = 12.1;
				LD_RUNPATH_SEARCH_PATHS = "$(inherited) @executable_path/Frameworks @loader_path/Frameworks";
				MTL_ENABLE_DEBUG_INFO = INCLUDE_SOURCE;
				MTL_FAST_MATH = YES;
				PRODUCT_BUNDLE_IDENTIFIER = JuliyaSmith.PatchDataTests;
				PRODUCT_NAME = "$(TARGET_NAME)";
				SWIFT_VERSION = 5.0;
				TARGETED_DEVICE_FAMILY = "1,2";
				TEST_HOST = "$(BUILT_PRODUCTS_DIR)/PatchDay.app/PatchDay";
			};
			name = Debug;
		};
		B480EE3821CC7554002C2238 /* Release */ = {
			isa = XCBuildConfiguration;
			buildSettings = {
				ALWAYS_EMBED_SWIFT_STANDARD_LIBRARIES = YES;
				CLANG_ANALYZER_NUMBER_OBJECT_CONVERSION = YES_AGGRESSIVE;
				CLANG_CXX_LANGUAGE_STANDARD = "gnu++14";
				CLANG_ENABLE_OBJC_WEAK = YES;
				CLANG_WARN_UNGUARDED_AVAILABILITY = YES_AGGRESSIVE;
				CODE_SIGN_IDENTITY = "iPhone Developer";
				CODE_SIGN_STYLE = Automatic;
				DEVELOPMENT_TEAM = 8U33TMB35U;
				GCC_C_LANGUAGE_STANDARD = gnu11;
				INFOPLIST_FILE = PatchDataTests/Info.plist;
				IPHONEOS_DEPLOYMENT_TARGET = 12.1;
				LD_RUNPATH_SEARCH_PATHS = "$(inherited) @executable_path/Frameworks @loader_path/Frameworks";
				MTL_FAST_MATH = YES;
				PRODUCT_BUNDLE_IDENTIFIER = JuliyaSmith.PatchDataTests;
				PRODUCT_NAME = "$(TARGET_NAME)";
				SWIFT_VERSION = 5.0;
				TARGETED_DEVICE_FAMILY = "1,2";
				TEST_HOST = "$(BUILT_PRODUCTS_DIR)/PatchDay.app/PatchDay";
			};
			name = Release;
		};
		B49A4A5620DB2D4C00F24FC0 /* Debug */ = {
			isa = XCBuildConfiguration;
			buildSettings = {
				APPLICATION_EXTENSION_API_ONLY = YES;
				CLANG_ANALYZER_NUMBER_OBJECT_CONVERSION = YES_AGGRESSIVE;
				CLANG_CXX_LANGUAGE_STANDARD = "gnu++14";
				CLANG_ENABLE_OBJC_WEAK = YES;
				CLANG_WARN_UNGUARDED_AVAILABILITY = YES_AGGRESSIVE;
				CODE_SIGN_IDENTITY = "";
				CODE_SIGN_STYLE = Automatic;
				CURRENT_PROJECT_VERSION = 1;
				DEFINES_MODULE = YES;
				DEVELOPMENT_TEAM = 8U33TMB35U;
				DYLIB_COMPATIBILITY_VERSION = 1;
				DYLIB_CURRENT_VERSION = 1;
				DYLIB_INSTALL_NAME_BASE = "@rpath";
				GCC_C_LANGUAGE_STANDARD = gnu11;
				INFOPLIST_FILE = PDKit/Info.plist;
				INSTALL_PATH = "$(LOCAL_LIBRARY_DIR)/Frameworks";
				IPHONEOS_DEPLOYMENT_TARGET = 12.1;
				LD_RUNPATH_SEARCH_PATHS = "$(inherited) @executable_path/Frameworks @loader_path/Frameworks";
				PRODUCT_BUNDLE_IDENTIFIER = Yingthi.PDKit;
				PRODUCT_NAME = "$(TARGET_NAME:c99extidentifier)";
				SKIP_INSTALL = YES;
				SWIFT_VERSION = 5.0;
				TARGETED_DEVICE_FAMILY = "1,2";
				VERSIONING_SYSTEM = "apple-generic";
				VERSION_INFO_PREFIX = "";
			};
			name = Debug;
		};
		B49A4A5720DB2D4C00F24FC0 /* Release */ = {
			isa = XCBuildConfiguration;
			buildSettings = {
				APPLICATION_EXTENSION_API_ONLY = YES;
				CLANG_ANALYZER_NUMBER_OBJECT_CONVERSION = YES_AGGRESSIVE;
				CLANG_CXX_LANGUAGE_STANDARD = "gnu++14";
				CLANG_ENABLE_OBJC_WEAK = YES;
				CLANG_WARN_UNGUARDED_AVAILABILITY = YES_AGGRESSIVE;
				CODE_SIGN_IDENTITY = "";
				CODE_SIGN_STYLE = Automatic;
				CURRENT_PROJECT_VERSION = 1;
				DEFINES_MODULE = YES;
				DEVELOPMENT_TEAM = 8U33TMB35U;
				DYLIB_COMPATIBILITY_VERSION = 1;
				DYLIB_CURRENT_VERSION = 1;
				DYLIB_INSTALL_NAME_BASE = "@rpath";
				GCC_C_LANGUAGE_STANDARD = gnu11;
				INFOPLIST_FILE = PDKit/Info.plist;
				INSTALL_PATH = "$(LOCAL_LIBRARY_DIR)/Frameworks";
				IPHONEOS_DEPLOYMENT_TARGET = 12.1;
				LD_RUNPATH_SEARCH_PATHS = "$(inherited) @executable_path/Frameworks @loader_path/Frameworks";
				PRODUCT_BUNDLE_IDENTIFIER = Yingthi.PDKit;
				PRODUCT_NAME = "$(TARGET_NAME:c99extidentifier)";
				SKIP_INSTALL = YES;
				SWIFT_VERSION = 5.0;
				TARGETED_DEVICE_FAMILY = "1,2";
				VERSIONING_SYSTEM = "apple-generic";
				VERSION_INFO_PREFIX = "";
			};
			name = Release;
		};
/* End XCBuildConfiguration section */

/* Begin XCConfigurationList section */
		137330E41E22BA3E0048F91E /* Build configuration list for PBXProject "PatchDay" */ = {
			isa = XCConfigurationList;
			buildConfigurations = (
				1373310F1E22BA3E0048F91E /* Debug */,
				137331101E22BA3E0048F91E /* Release */,
			);
			defaultConfigurationIsVisible = 0;
			defaultConfigurationName = Release;
		};
		137331111E22BA3E0048F91E /* Build configuration list for PBXNativeTarget "PatchDay" */ = {
			isa = XCConfigurationList;
			buildConfigurations = (
				137331121E22BA3E0048F91E /* Debug */,
				137331131E22BA3E0048F91E /* Release */,
			);
			defaultConfigurationIsVisible = 0;
			defaultConfigurationName = Release;
		};
		B40CC9B721CCE614002364BB /* Build configuration list for PBXNativeTarget "PDKitTests" */ = {
			isa = XCConfigurationList;
			buildConfigurations = (
				B40CC9B821CCE614002364BB /* Debug */,
				B40CC9B921CCE614002364BB /* Release */,
			);
			defaultConfigurationIsVisible = 0;
			defaultConfigurationName = Release;
		};
		B480EE1221CC72DB002C2238 /* Build configuration list for PBXNativeTarget "PatchDayToday" */ = {
			isa = XCConfigurationList;
			buildConfigurations = (
				B480EE1321CC72DB002C2238 /* Debug */,
				B480EE1421CC72DB002C2238 /* Release */,
			);
			defaultConfigurationIsVisible = 0;
			defaultConfigurationName = Release;
		};
		B480EE3321CC7554002C2238 /* Build configuration list for PBXNativeTarget "PatchData" */ = {
			isa = XCConfigurationList;
			buildConfigurations = (
				B480EE3421CC7554002C2238 /* Debug */,
				B480EE3521CC7554002C2238 /* Release */,
			);
			defaultConfigurationIsVisible = 0;
			defaultConfigurationName = Release;
		};
		B480EE3621CC7554002C2238 /* Build configuration list for PBXNativeTarget "PatchDataTests" */ = {
			isa = XCConfigurationList;
			buildConfigurations = (
				B480EE3721CC7554002C2238 /* Debug */,
				B480EE3821CC7554002C2238 /* Release */,
			);
			defaultConfigurationIsVisible = 0;
			defaultConfigurationName = Release;
		};
		B49A4A5520DB2D4C00F24FC0 /* Build configuration list for PBXNativeTarget "PDKit" */ = {
			isa = XCConfigurationList;
			buildConfigurations = (
				B49A4A5620DB2D4C00F24FC0 /* Debug */,
				B49A4A5720DB2D4C00F24FC0 /* Release */,
			);
			defaultConfigurationIsVisible = 0;
			defaultConfigurationName = Release;
		};
/* End XCConfigurationList section */

/* Begin XCVersionGroup section */
		13F0CC0A1EC2567A00653CB9 /* patchData.xcdatamodeld */ = {
			isa = XCVersionGroup;
			children = (
				13F0CC0B1EC2567A00653CB9 /* patchData.xcdatamodel */,
			);
			currentVersion = 13F0CC0B1EC2567A00653CB9 /* patchData.xcdatamodel */;
			path = patchData.xcdatamodeld;
			sourceTree = "<group>";
			versionGroupType = wrapper.xcdatamodel;
		};
/* End XCVersionGroup section */
	};
	rootObject = 137330E11E22BA3E0048F91E /* Project object */;
}
